PODS:
  - Alamofire (5.0.0-rc.2)
  - INSPullToRefresh (1.2.0)
  - Mextension (0.5.1):
    - Mextension/All (= 0.5.1)
  - Mextension/All (0.5.1)
  - Moya/Core (14.0.0-beta.4):
    - Alamofire (= 5.0.0-rc.2)
  - Moya/RxSwift (14.0.0-beta.4):
    - Moya/Core
    - RxSwift (~> 5.0)
  - RxCocoa (5.0.0):
    - RxRelay (~> 5)
    - RxSwift (~> 5)
  - RxRelay (5.0.0):
    - RxSwift (~> 5)
  - RxSwift (5.0.0)

DEPENDENCIES:
  - INSPullToRefresh
  - Mextension
  - Moya/RxSwift (~> 14.0.0-beta.4)
  - RxCocoa
  - RxSwift

SPEC REPOS:
  trunk:
    - Alamofire
    - INSPullToRefresh
    - Mextension
    - Moya
    - RxCocoa
    - RxRelay
    - RxSwift

SPEC CHECKSUMS:
  Alamofire: f9450d3c7f6bea2ad62e7a541c3e9b186c7991d6
  INSPullToRefresh: d34f0046ccca6b32f6386f053d730ef41b3f35b7
  Mextension: afd544fa723329bcabdd29b729a42d1deda93ab3
  Moya: 53fa45a72929809e0b8bba44a0a53d8d0827bcfe
  RxCocoa: fcf32050ac00d801f34a7f71d5e8e7f23026dcd8
  RxRelay: 4f7409406a51a55cd88483f21ed898c234d60f18
  RxSwift: 8b0671caa829a763bbce7271095859121cbd895f

PODFILE CHECKSUM: 5a990b3952e34e41b4434ff985f13d4b8bc9bf63

COCOAPODS: 1.8.0
