PODS:
  - Alamofire (4.8.0)
  - INSPullToRefresh (1.2.0)
  - Mextension (0.2):
    - Mextension/All (= 0.2)
  - Mextension/All (0.2)
  - Moya/Core (11.0.2):
    - Alamofire (~> 4.1)
    - Result (~> 3.0)
  - Moya/RxSwift (11.0.2):
    - Moya/Core
    - RxSwift (~> 4.0)
  - Result (3.2.4)
  - RxAtomic (4.4.0)
  - RxCocoa (4.4.0):
    - RxSwift (~> 4.0)
  - RxSwift (4.4.0):
    - RxAtomic (~> 4.4)

DEPENDENCIES:
  - INSPullToRefresh
  - Mextension
  - Moya/RxSwift
  - RxCocoa
  - RxSwift

SPEC REPOS:
  https://github.com/cocoapods/specs.git:
    - Alamofire
    - INSPullToRefresh
    - Mextension
    - Moya
    - Result
    - RxAtomic
    - RxCocoa
    - RxSwift

SPEC CHECKSUMS:
  Alamofire: 3ec537f71edc9804815215393ae2b1a8ea33a844
  INSPullToRefresh: d34f0046ccca6b32f6386f053d730ef41b3f35b7
  Mextension: 99e7252eacb7050d4c2d0d9655b6b476682ca8d7
  Moya: a725035953bc1c0eb1be505ab903984501d82440
  Result: d2d07204ce72856f1fd9130bbe42c35a7b0fea10
  RxAtomic: eacf60db868c96bfd63320e28619fe29c179656f
  RxCocoa: df63ebf7b9a70d6b4eeea407ed5dd4efc8979749
  RxSwift: 5976ecd04fc2fefd648827c23de5e11157faa973

PODFILE CHECKSUM: 1b818992f5d8f19450609f1fc7399c069c607e49

COCOAPODS: 1.5.3
