// !$*UTF8*$!
{
	archiveVersion = 1;
	classes = {
	};
	objectVersion = 51;
	objects = {

/* Begin PBXBuildFile section */
		009ECDEB0B1721FE5C627C94 /* Pods_PhotoViewer.framework in Frameworks */ = {isa = PBXBuildFile; fileRef = BC504652ADFD77205FB468ED /* Pods_PhotoViewer.framework */; };
		2CCB098BDDA4E3E462B6CA81 /* Pods_PhotoViewer_PhotoViewerTests.framework in Frameworks */ = {isa = PBXBuildFile; fileRef = EE3143679A4CF94A98E1CD2C /* Pods_PhotoViewer_PhotoViewerTests.framework */; };
		644C73FC23C6082F003387C2 /* PhotoDetailsPresenterMock.swift in Sources */ = {isa = PBXBuildFile; fileRef = 644C73FB23C6082F003387C2 /* PhotoDetailsPresenterMock.swift */; };
		6482272A23B66F9F0058ABA8 /* PhotosPresenterMock.swift in Sources */ = {isa = PBXBuildFile; fileRef = 6482272923B66F9F0058ABA8 /* PhotosPresenterMock.swift */; };
		6482272D23B6A08D0058ABA8 /* PaginatedPhotosWorker.swift in Sources */ = {isa = PBXBuildFile; fileRef = 6482272C23B6A08D0058ABA8 /* PaginatedPhotosWorker.swift */; };
		6482272F23B6A3B00058ABA8 /* SearchPhotosWorker.swift in Sources */ = {isa = PBXBuildFile; fileRef = 6482272E23B6A3B00058ABA8 /* SearchPhotosWorker.swift */; };
		6484875E23C798CD0012CBF2 /* UIViewController+CollectionView.swift in Sources */ = {isa = PBXBuildFile; fileRef = 6484875D23C798CD0012CBF2 /* UIViewController+CollectionView.swift */; };
		648762BA23B4E1DB005A7EB2 /* PhotosPresenterSpec.swift in Sources */ = {isa = PBXBuildFile; fileRef = 648762B923B4E1DB005A7EB2 /* PhotosPresenterSpec.swift */; };
		648762BD23B4F5C9005A7EB2 /* PhotosRouterMock.swift in Sources */ = {isa = PBXBuildFile; fileRef = 648762BC23B4F5C9005A7EB2 /* PhotosRouterMock.swift */; };
		648762C023B521B4005A7EB2 /* PhotosInteractorMock.swift in Sources */ = {isa = PBXBuildFile; fileRef = 648762BF23B521B4005A7EB2 /* PhotosInteractorMock.swift */; };
		648762C223B52383005A7EB2 /* Models.swift in Sources */ = {isa = PBXBuildFile; fileRef = 648762C123B52383005A7EB2 /* Models.swift */; };
		648762C423B566DC005A7EB2 /* PhotosViewControllerSpec.swift in Sources */ = {isa = PBXBuildFile; fileRef = 648762C323B566DC005A7EB2 /* PhotosViewControllerSpec.swift */; };
		6491577023BFA9F3000EDB60 /* PhotosInteractorSpec.swift in Sources */ = {isa = PBXBuildFile; fileRef = 6491576F23BFA9F3000EDB60 /* PhotosInteractorSpec.swift */; };
		6491577223BFABC4000EDB60 /* PaginatedPhotosWorkerMock.swift in Sources */ = {isa = PBXBuildFile; fileRef = 6491577123BFABC4000EDB60 /* PaginatedPhotosWorkerMock.swift */; };
		6491577423BFAC5C000EDB60 /* SearchPhotosWorkerMock.swift in Sources */ = {isa = PBXBuildFile; fileRef = 6491577323BFAC5C000EDB60 /* SearchPhotosWorkerMock.swift */; };
		64C379A023C61C9B00D93B22 /* PhotoDetailsViewSpec.swift in Sources */ = {isa = PBXBuildFile; fileRef = 64C3799F23C61C9B00D93B22 /* PhotoDetailsViewSpec.swift */; };
		64D0D5C723BE2B420065793B /* SearchPhotosWorkerSpec.swift in Sources */ = {isa = PBXBuildFile; fileRef = 64D0D5C623BE2B420065793B /* SearchPhotosWorkerSpec.swift */; };
		64E22F0E23C4C5C9003DF3C9 /* UserSpec.swift in Sources */ = {isa = PBXBuildFile; fileRef = 64E22F0D23C4C5C9003DF3C9 /* UserSpec.swift */; };
		64E22F1123C50838003DF3C9 /* PhotoDetailsViewControllerSpec.swift in Sources */ = {isa = PBXBuildFile; fileRef = 64E22F1023C50838003DF3C9 /* PhotoDetailsViewControllerSpec.swift */; };
		64E22F1323C512C9003DF3C9 /* Colors.swift in Sources */ = {isa = PBXBuildFile; fileRef = 64E22F1223C512C9003DF3C9 /* Colors.swift */; };
		64E22F1723C51728003DF3C9 /* UIViewController+Loading.swift in Sources */ = {isa = PBXBuildFile; fileRef = 64E22F1623C51728003DF3C9 /* UIViewController+Loading.swift */; };
		64F1C89123B246A900AB6B92 /* PhotoFactory.swift in Sources */ = {isa = PBXBuildFile; fileRef = 64F1C89023B246A900AB6B92 /* PhotoFactory.swift */; };
		64F1C89723B248B600AB6B92 /* FactorySpec.swift in Sources */ = {isa = PBXBuildFile; fileRef = 64F1C89623B248B600AB6B92 /* FactorySpec.swift */; };
		64F1C89B23B24DD200AB6B92 /* PhotosCoordinator.swift in Sources */ = {isa = PBXBuildFile; fileRef = 64F1C89A23B24DD200AB6B92 /* PhotosCoordinator.swift */; };
		64F1C89D23B24DE700AB6B92 /* PhotosCoordinatorSpec.swift in Sources */ = {isa = PBXBuildFile; fileRef = 64F1C89C23B24DE700AB6B92 /* PhotosCoordinatorSpec.swift */; };
		64F92AE623C364AC0071D9E2 /* PhotoSpec.swift in Sources */ = {isa = PBXBuildFile; fileRef = 64F92AE523C364AC0071D9E2 /* PhotoSpec.swift */; };
		64F92AE823C3677A0071D9E2 /* Entity.swift in Sources */ = {isa = PBXBuildFile; fileRef = 64F92AE723C3677A0071D9E2 /* Entity.swift */; };
		64F92AEA23C37B710071D9E2 /* PictureSpec.swift in Sources */ = {isa = PBXBuildFile; fileRef = 64F92AE923C37B710071D9E2 /* PictureSpec.swift */; };
		64F92AEE23C3B3D60071D9E2 /* PhotoDetailsRouterMock.swift in Sources */ = {isa = PBXBuildFile; fileRef = 64F92AED23C3B3D60071D9E2 /* PhotoDetailsRouterMock.swift */; };
		64F92AF023C3E6F50071D9E2 /* PhotoDetailsPresenterSpec.swift in Sources */ = {isa = PBXBuildFile; fileRef = 64F92AEF23C3E6F50071D9E2 /* PhotoDetailsPresenterSpec.swift */; };
		64FECE8523BA634D00C98F4B /* PaginatedPhotosWorkerSpec.swift in Sources */ = {isa = PBXBuildFile; fileRef = 64FECE8423BA634D00C98F4B /* PaginatedPhotosWorkerSpec.swift */; };
		64FECE8823BA673B00C98F4B /* PhotoRepositoryMock.swift in Sources */ = {isa = PBXBuildFile; fileRef = 64FECE8723BA673B00C98F4B /* PhotoRepositoryMock.swift */; };
		64FECE8A23BA757700C98F4B /* photos.json in Resources */ = {isa = PBXBuildFile; fileRef = 64FECE8923BA757700C98F4B /* photos.json */; };
		FC39ECED21B2C1D800B63F6C /* LoadingView.swift in Sources */ = {isa = PBXBuildFile; fileRef = FC39ECEC21B2C1D800B63F6C /* LoadingView.swift */; };
		FC62F2EA21B03C9E00E1A7F6 /* PhotosViewController.swift in Sources */ = {isa = PBXBuildFile; fileRef = FC62F2E921B03C9E00E1A7F6 /* PhotosViewController.swift */; };
		FC62F2EC21B03D3A00E1A7F6 /* PhotosPresenter.swift in Sources */ = {isa = PBXBuildFile; fileRef = FC62F2EB21B03D3A00E1A7F6 /* PhotosPresenter.swift */; };
		FC62F2EF21B0413500E1A7F6 /* APITarget.swift in Sources */ = {isa = PBXBuildFile; fileRef = FC62F2EE21B0413500E1A7F6 /* APITarget.swift */; };
		FC62F2F121B0414700E1A7F6 /* APIClient.swift in Sources */ = {isa = PBXBuildFile; fileRef = FC62F2F021B0414700E1A7F6 /* APIClient.swift */; };
		FC62F2F421B0441100E1A7F6 /* PhotoAPI.swift in Sources */ = {isa = PBXBuildFile; fileRef = FC62F2F321B0441100E1A7F6 /* PhotoAPI.swift */; };
		FC62F2F821B06BB000E1A7F6 /* PictureAPI.swift in Sources */ = {isa = PBXBuildFile; fileRef = FC62F2F721B06BB000E1A7F6 /* PictureAPI.swift */; };
		FC62F30121B0820D00E1A7F6 /* PhotoCollectionViewCell.swift in Sources */ = {isa = PBXBuildFile; fileRef = FC62F2FF21B0820D00E1A7F6 /* PhotoCollectionViewCell.swift */; };
		FC62F30221B0820D00E1A7F6 /* PhotoCollectionViewCell.xib in Resources */ = {isa = PBXBuildFile; fileRef = FC62F30021B0820D00E1A7F6 /* PhotoCollectionViewCell.xib */; };
		FC62F30721B09DA000E1A7F6 /* BaseInteractor.swift in Sources */ = {isa = PBXBuildFile; fileRef = FC62F30621B09DA000E1A7F6 /* BaseInteractor.swift */; };
		FC62F30921B09DC800E1A7F6 /* PhotosInteractor.swift in Sources */ = {isa = PBXBuildFile; fileRef = FC62F30821B09DC800E1A7F6 /* PhotosInteractor.swift */; };
		FC62F30C21B09F3100E1A7F6 /* BaseRepository.swift in Sources */ = {isa = PBXBuildFile; fileRef = FC62F30B21B09F3100E1A7F6 /* BaseRepository.swift */; };
		FC62F30E21B09F6600E1A7F6 /* PhotoRepository.swift in Sources */ = {isa = PBXBuildFile; fileRef = FC62F30D21B09F6600E1A7F6 /* PhotoRepository.swift */; };
		FC62F31121B09FFB00E1A7F6 /* Response.swift in Sources */ = {isa = PBXBuildFile; fileRef = FC62F31021B09FFB00E1A7F6 /* Response.swift */; };
		FC62F31421B0A05200E1A7F6 /* Photo.swift in Sources */ = {isa = PBXBuildFile; fileRef = FC62F31321B0A05200E1A7F6 /* Photo.swift */; };
		FC62F31621B0A08D00E1A7F6 /* Picture.swift in Sources */ = {isa = PBXBuildFile; fileRef = FC62F31521B0A08D00E1A7F6 /* Picture.swift */; };
		FC62F31821B0A4D500E1A7F6 /* PhotoCollectionViewModel.swift in Sources */ = {isa = PBXBuildFile; fileRef = FC62F31721B0A4D500E1A7F6 /* PhotoCollectionViewModel.swift */; };
		FC62F32021B0C4AC00E1A7F6 /* UserAPI.swift in Sources */ = {isa = PBXBuildFile; fileRef = FC62F31F21B0C4AC00E1A7F6 /* UserAPI.swift */; };
		FC62F32221B0C58200E1A7F6 /* User.swift in Sources */ = {isa = PBXBuildFile; fileRef = FC62F32121B0C58200E1A7F6 /* User.swift */; };
		FC62F32721B0CB9500E1A7F6 /* InifiteScrollView.swift in Sources */ = {isa = PBXBuildFile; fileRef = FC62F32621B0CB9500E1A7F6 /* InifiteScrollView.swift */; };
		FC951A3D21B0301D00ABF0E1 /* AppDelegate.swift in Sources */ = {isa = PBXBuildFile; fileRef = FC951A3C21B0301D00ABF0E1 /* AppDelegate.swift */; };
		FC951A4421B0301E00ABF0E1 /* Assets.xcassets in Resources */ = {isa = PBXBuildFile; fileRef = FC951A4321B0301E00ABF0E1 /* Assets.xcassets */; };
		FC951A4721B0301E00ABF0E1 /* LaunchScreen.storyboard in Resources */ = {isa = PBXBuildFile; fileRef = FC951A4521B0301E00ABF0E1 /* LaunchScreen.storyboard */; };
		FC951A5821B0354D00ABF0E1 /* BaseViewController.swift in Sources */ = {isa = PBXBuildFile; fileRef = FC951A5721B0354D00ABF0E1 /* BaseViewController.swift */; };
		FC951A5A21B0355B00ABF0E1 /* BasePresenter.swift in Sources */ = {isa = PBXBuildFile; fileRef = FC951A5921B0355B00ABF0E1 /* BasePresenter.swift */; };
		FC9B25BC21B2C7530016A465 /* LoadingView.xib in Resources */ = {isa = PBXBuildFile; fileRef = FC9B25BB21B2C7530016A465 /* LoadingView.xib */; };
		FC9B25BE21B2CD940016A465 /* EmptyView.swift in Sources */ = {isa = PBXBuildFile; fileRef = FC9B25BD21B2CD940016A465 /* EmptyView.swift */; };
		FC9B25C021B2CD9D0016A465 /* EmptyView.xib in Resources */ = {isa = PBXBuildFile; fileRef = FC9B25BF21B2CD9D0016A465 /* EmptyView.xib */; };
		FC9B25C321B2D4880016A465 /* PhotoDetailsPresenter.swift in Sources */ = {isa = PBXBuildFile; fileRef = FC9B25C221B2D4880016A465 /* PhotoDetailsPresenter.swift */; };
		FC9B25C521B2D4980016A465 /* PhotoDetailsViewController.swift in Sources */ = {isa = PBXBuildFile; fileRef = FC9B25C421B2D4980016A465 /* PhotoDetailsViewController.swift */; };
		FC9B25CA21B2E3230016A465 /* BaseNavigationController.swift in Sources */ = {isa = PBXBuildFile; fileRef = FC9B25C921B2E3230016A465 /* BaseNavigationController.swift */; };
		FC9B25CC21B2E6690016A465 /* PhotoDetailsView.swift in Sources */ = {isa = PBXBuildFile; fileRef = FC9B25CB21B2E6690016A465 /* PhotoDetailsView.swift */; };
		FC9B25CE21B2E6730016A465 /* PhotoDetailsView.xib in Resources */ = {isa = PBXBuildFile; fileRef = FC9B25CD21B2E6730016A465 /* PhotoDetailsView.xib */; };
		FCBBF66221B1F7F600EFC595 /* SearchPhotoResultAPI.swift in Sources */ = {isa = PBXBuildFile; fileRef = FCBBF66121B1F7F600EFC595 /* SearchPhotoResultAPI.swift */; };
/* End PBXBuildFile section */

/* Begin PBXContainerItemProxy section */
		6485607723B1463800C6A0D2 /* PBXContainerItemProxy */ = {
			isa = PBXContainerItemProxy;
			containerPortal = FC951A3121B0301D00ABF0E1 /* Project object */;
			proxyType = 1;
			remoteGlobalIDString = FC951A3821B0301D00ABF0E1;
			remoteInfo = PhotoViewer;
		};
/* End PBXContainerItemProxy section */

/* Begin PBXFileReference section */
		155EBBD18A36DF3263395455 /* Pods-PhotoViewer-PhotoViewerTests.debug.xcconfig */ = {isa = PBXFileReference; includeInIndex = 1; lastKnownFileType = text.xcconfig; name = "Pods-PhotoViewer-PhotoViewerTests.debug.xcconfig"; path = "Pods/Target Support Files/Pods-PhotoViewer-PhotoViewerTests/Pods-PhotoViewer-PhotoViewerTests.debug.xcconfig"; sourceTree = "<group>"; };
		644C73FB23C6082F003387C2 /* PhotoDetailsPresenterMock.swift */ = {isa = PBXFileReference; lastKnownFileType = sourcecode.swift; path = PhotoDetailsPresenterMock.swift; sourceTree = "<group>"; };
		6482272923B66F9F0058ABA8 /* PhotosPresenterMock.swift */ = {isa = PBXFileReference; lastKnownFileType = sourcecode.swift; path = PhotosPresenterMock.swift; sourceTree = "<group>"; };
		6482272C23B6A08D0058ABA8 /* PaginatedPhotosWorker.swift */ = {isa = PBXFileReference; lastKnownFileType = sourcecode.swift; path = PaginatedPhotosWorker.swift; sourceTree = "<group>"; };
		6482272E23B6A3B00058ABA8 /* SearchPhotosWorker.swift */ = {isa = PBXFileReference; lastKnownFileType = sourcecode.swift; path = SearchPhotosWorker.swift; sourceTree = "<group>"; };
		6484875D23C798CD0012CBF2 /* UIViewController+CollectionView.swift */ = {isa = PBXFileReference; lastKnownFileType = sourcecode.swift; path = "UIViewController+CollectionView.swift"; sourceTree = "<group>"; };
		6485607223B1463800C6A0D2 /* PhotoViewerTests.xctest */ = {isa = PBXFileReference; explicitFileType = wrapper.cfbundle; includeInIndex = 0; path = PhotoViewerTests.xctest; sourceTree = BUILT_PRODUCTS_DIR; };
		6485607623B1463800C6A0D2 /* Info.plist */ = {isa = PBXFileReference; lastKnownFileType = text.plist.xml; path = Info.plist; sourceTree = "<group>"; };
		648762B923B4E1DB005A7EB2 /* PhotosPresenterSpec.swift */ = {isa = PBXFileReference; lastKnownFileType = sourcecode.swift; path = PhotosPresenterSpec.swift; sourceTree = "<group>"; };
		648762BC23B4F5C9005A7EB2 /* PhotosRouterMock.swift */ = {isa = PBXFileReference; lastKnownFileType = sourcecode.swift; path = PhotosRouterMock.swift; sourceTree = "<group>"; };
		648762BF23B521B4005A7EB2 /* PhotosInteractorMock.swift */ = {isa = PBXFileReference; lastKnownFileType = sourcecode.swift; path = PhotosInteractorMock.swift; sourceTree = "<group>"; };
		648762C123B52383005A7EB2 /* Models.swift */ = {isa = PBXFileReference; lastKnownFileType = sourcecode.swift; path = Models.swift; sourceTree = "<group>"; };
		648762C323B566DC005A7EB2 /* PhotosViewControllerSpec.swift */ = {isa = PBXFileReference; lastKnownFileType = sourcecode.swift; path = PhotosViewControllerSpec.swift; sourceTree = "<group>"; };
		6491576F23BFA9F3000EDB60 /* PhotosInteractorSpec.swift */ = {isa = PBXFileReference; lastKnownFileType = sourcecode.swift; path = PhotosInteractorSpec.swift; sourceTree = "<group>"; };
		6491577123BFABC4000EDB60 /* PaginatedPhotosWorkerMock.swift */ = {isa = PBXFileReference; lastKnownFileType = sourcecode.swift; path = PaginatedPhotosWorkerMock.swift; sourceTree = "<group>"; };
		6491577323BFAC5C000EDB60 /* SearchPhotosWorkerMock.swift */ = {isa = PBXFileReference; lastKnownFileType = sourcecode.swift; path = SearchPhotosWorkerMock.swift; sourceTree = "<group>"; };
		64C3799F23C61C9B00D93B22 /* PhotoDetailsViewSpec.swift */ = {isa = PBXFileReference; lastKnownFileType = sourcecode.swift; path = PhotoDetailsViewSpec.swift; sourceTree = "<group>"; };
		64D0D5C623BE2B420065793B /* SearchPhotosWorkerSpec.swift */ = {isa = PBXFileReference; lastKnownFileType = sourcecode.swift; path = SearchPhotosWorkerSpec.swift; sourceTree = "<group>"; };
		64E22F0D23C4C5C9003DF3C9 /* UserSpec.swift */ = {isa = PBXFileReference; lastKnownFileType = sourcecode.swift; path = UserSpec.swift; sourceTree = "<group>"; };
		64E22F1023C50838003DF3C9 /* PhotoDetailsViewControllerSpec.swift */ = {isa = PBXFileReference; lastKnownFileType = sourcecode.swift; path = PhotoDetailsViewControllerSpec.swift; sourceTree = "<group>"; };
		64E22F1223C512C9003DF3C9 /* Colors.swift */ = {isa = PBXFileReference; lastKnownFileType = sourcecode.swift; path = Colors.swift; sourceTree = "<group>"; };
		64E22F1623C51728003DF3C9 /* UIViewController+Loading.swift */ = {isa = PBXFileReference; lastKnownFileType = sourcecode.swift; path = "UIViewController+Loading.swift"; sourceTree = "<group>"; };
		64F1C89023B246A900AB6B92 /* PhotoFactory.swift */ = {isa = PBXFileReference; lastKnownFileType = sourcecode.swift; path = PhotoFactory.swift; sourceTree = "<group>"; };
		64F1C89623B248B600AB6B92 /* FactorySpec.swift */ = {isa = PBXFileReference; lastKnownFileType = sourcecode.swift; path = FactorySpec.swift; sourceTree = "<group>"; };
		64F1C89A23B24DD200AB6B92 /* PhotosCoordinator.swift */ = {isa = PBXFileReference; lastKnownFileType = sourcecode.swift; path = PhotosCoordinator.swift; sourceTree = "<group>"; };
		64F1C89C23B24DE700AB6B92 /* PhotosCoordinatorSpec.swift */ = {isa = PBXFileReference; lastKnownFileType = sourcecode.swift; path = PhotosCoordinatorSpec.swift; sourceTree = "<group>"; };
		64F92AE523C364AC0071D9E2 /* PhotoSpec.swift */ = {isa = PBXFileReference; lastKnownFileType = sourcecode.swift; path = PhotoSpec.swift; sourceTree = "<group>"; };
		64F92AE723C3677A0071D9E2 /* Entity.swift */ = {isa = PBXFileReference; lastKnownFileType = sourcecode.swift; path = Entity.swift; sourceTree = "<group>"; };
		64F92AE923C37B710071D9E2 /* PictureSpec.swift */ = {isa = PBXFileReference; lastKnownFileType = sourcecode.swift; path = PictureSpec.swift; sourceTree = "<group>"; };
		64F92AED23C3B3D60071D9E2 /* PhotoDetailsRouterMock.swift */ = {isa = PBXFileReference; lastKnownFileType = sourcecode.swift; path = PhotoDetailsRouterMock.swift; sourceTree = "<group>"; };
		64F92AEF23C3E6F50071D9E2 /* PhotoDetailsPresenterSpec.swift */ = {isa = PBXFileReference; lastKnownFileType = sourcecode.swift; path = PhotoDetailsPresenterSpec.swift; sourceTree = "<group>"; };
		64FECE8423BA634D00C98F4B /* PaginatedPhotosWorkerSpec.swift */ = {isa = PBXFileReference; lastKnownFileType = sourcecode.swift; path = PaginatedPhotosWorkerSpec.swift; sourceTree = "<group>"; };
		64FECE8723BA673B00C98F4B /* PhotoRepositoryMock.swift */ = {isa = PBXFileReference; lastKnownFileType = sourcecode.swift; path = PhotoRepositoryMock.swift; sourceTree = "<group>"; };
		64FECE8923BA757700C98F4B /* photos.json */ = {isa = PBXFileReference; lastKnownFileType = text.json; path = photos.json; sourceTree = "<group>"; };
		ACA950D093C989540F04BA0D /* Pods-PhotoViewer-PhotoViewerTests.release.xcconfig */ = {isa = PBXFileReference; includeInIndex = 1; lastKnownFileType = text.xcconfig; name = "Pods-PhotoViewer-PhotoViewerTests.release.xcconfig"; path = "Pods/Target Support Files/Pods-PhotoViewer-PhotoViewerTests/Pods-PhotoViewer-PhotoViewerTests.release.xcconfig"; sourceTree = "<group>"; };
		BC504652ADFD77205FB468ED /* Pods_PhotoViewer.framework */ = {isa = PBXFileReference; explicitFileType = wrapper.framework; includeInIndex = 0; path = Pods_PhotoViewer.framework; sourceTree = BUILT_PRODUCTS_DIR; };
		E39458703E2E11F171880B5C /* Pods-PhotoViewer.debug.xcconfig */ = {isa = PBXFileReference; includeInIndex = 1; lastKnownFileType = text.xcconfig; name = "Pods-PhotoViewer.debug.xcconfig"; path = "Pods/Target Support Files/Pods-PhotoViewer/Pods-PhotoViewer.debug.xcconfig"; sourceTree = "<group>"; };
		EE3143679A4CF94A98E1CD2C /* Pods_PhotoViewer_PhotoViewerTests.framework */ = {isa = PBXFileReference; explicitFileType = wrapper.framework; includeInIndex = 0; path = Pods_PhotoViewer_PhotoViewerTests.framework; sourceTree = BUILT_PRODUCTS_DIR; };
		FC39ECEC21B2C1D800B63F6C /* LoadingView.swift */ = {isa = PBXFileReference; lastKnownFileType = sourcecode.swift; path = LoadingView.swift; sourceTree = "<group>"; };
		FC62F2E921B03C9E00E1A7F6 /* PhotosViewController.swift */ = {isa = PBXFileReference; lastKnownFileType = sourcecode.swift; path = PhotosViewController.swift; sourceTree = "<group>"; };
		FC62F2EB21B03D3A00E1A7F6 /* PhotosPresenter.swift */ = {isa = PBXFileReference; lastKnownFileType = sourcecode.swift; path = PhotosPresenter.swift; sourceTree = "<group>"; };
		FC62F2EE21B0413500E1A7F6 /* APITarget.swift */ = {isa = PBXFileReference; lastKnownFileType = sourcecode.swift; path = APITarget.swift; sourceTree = "<group>"; };
		FC62F2F021B0414700E1A7F6 /* APIClient.swift */ = {isa = PBXFileReference; lastKnownFileType = sourcecode.swift; path = APIClient.swift; sourceTree = "<group>"; };
		FC62F2F321B0441100E1A7F6 /* PhotoAPI.swift */ = {isa = PBXFileReference; lastKnownFileType = sourcecode.swift; path = PhotoAPI.swift; sourceTree = "<group>"; };
		FC62F2F721B06BB000E1A7F6 /* PictureAPI.swift */ = {isa = PBXFileReference; lastKnownFileType = sourcecode.swift; path = PictureAPI.swift; sourceTree = "<group>"; };
		FC62F2FF21B0820D00E1A7F6 /* PhotoCollectionViewCell.swift */ = {isa = PBXFileReference; lastKnownFileType = sourcecode.swift; path = PhotoCollectionViewCell.swift; sourceTree = "<group>"; };
		FC62F30021B0820D00E1A7F6 /* PhotoCollectionViewCell.xib */ = {isa = PBXFileReference; lastKnownFileType = file.xib; path = PhotoCollectionViewCell.xib; sourceTree = "<group>"; };
		FC62F30621B09DA000E1A7F6 /* BaseInteractor.swift */ = {isa = PBXFileReference; lastKnownFileType = sourcecode.swift; path = BaseInteractor.swift; sourceTree = "<group>"; };
		FC62F30821B09DC800E1A7F6 /* PhotosInteractor.swift */ = {isa = PBXFileReference; lastKnownFileType = sourcecode.swift; path = PhotosInteractor.swift; sourceTree = "<group>"; };
		FC62F30B21B09F3100E1A7F6 /* BaseRepository.swift */ = {isa = PBXFileReference; lastKnownFileType = sourcecode.swift; path = BaseRepository.swift; sourceTree = "<group>"; };
		FC62F30D21B09F6600E1A7F6 /* PhotoRepository.swift */ = {isa = PBXFileReference; lastKnownFileType = sourcecode.swift; path = PhotoRepository.swift; sourceTree = "<group>"; };
		FC62F31021B09FFB00E1A7F6 /* Response.swift */ = {isa = PBXFileReference; lastKnownFileType = sourcecode.swift; path = Response.swift; sourceTree = "<group>"; };
		FC62F31321B0A05200E1A7F6 /* Photo.swift */ = {isa = PBXFileReference; lastKnownFileType = sourcecode.swift; path = Photo.swift; sourceTree = "<group>"; };
		FC62F31521B0A08D00E1A7F6 /* Picture.swift */ = {isa = PBXFileReference; lastKnownFileType = sourcecode.swift; path = Picture.swift; sourceTree = "<group>"; };
		FC62F31721B0A4D500E1A7F6 /* PhotoCollectionViewModel.swift */ = {isa = PBXFileReference; lastKnownFileType = sourcecode.swift; path = PhotoCollectionViewModel.swift; sourceTree = "<group>"; };
		FC62F31F21B0C4AC00E1A7F6 /* UserAPI.swift */ = {isa = PBXFileReference; lastKnownFileType = sourcecode.swift; path = UserAPI.swift; sourceTree = "<group>"; };
		FC62F32121B0C58200E1A7F6 /* User.swift */ = {isa = PBXFileReference; lastKnownFileType = sourcecode.swift; path = User.swift; sourceTree = "<group>"; };
		FC62F32621B0CB9500E1A7F6 /* InifiteScrollView.swift */ = {isa = PBXFileReference; lastKnownFileType = sourcecode.swift; path = InifiteScrollView.swift; sourceTree = "<group>"; };
		FC951A3921B0301D00ABF0E1 /* PhotoViewer.app */ = {isa = PBXFileReference; explicitFileType = wrapper.application; includeInIndex = 0; path = PhotoViewer.app; sourceTree = BUILT_PRODUCTS_DIR; };
		FC951A3C21B0301D00ABF0E1 /* AppDelegate.swift */ = {isa = PBXFileReference; lastKnownFileType = sourcecode.swift; path = AppDelegate.swift; sourceTree = "<group>"; };
		FC951A4321B0301E00ABF0E1 /* Assets.xcassets */ = {isa = PBXFileReference; lastKnownFileType = folder.assetcatalog; path = Assets.xcassets; sourceTree = "<group>"; };
		FC951A4621B0301E00ABF0E1 /* Base */ = {isa = PBXFileReference; lastKnownFileType = file.storyboard; name = Base; path = Base.lproj/LaunchScreen.storyboard; sourceTree = "<group>"; };
		FC951A4821B0301E00ABF0E1 /* Info.plist */ = {isa = PBXFileReference; lastKnownFileType = text.plist.xml; path = Info.plist; sourceTree = "<group>"; };
		FC951A5721B0354D00ABF0E1 /* BaseViewController.swift */ = {isa = PBXFileReference; lastKnownFileType = sourcecode.swift; path = BaseViewController.swift; sourceTree = "<group>"; };
		FC951A5921B0355B00ABF0E1 /* BasePresenter.swift */ = {isa = PBXFileReference; lastKnownFileType = sourcecode.swift; path = BasePresenter.swift; sourceTree = "<group>"; };
		FC9B25BB21B2C7530016A465 /* LoadingView.xib */ = {isa = PBXFileReference; lastKnownFileType = file.xib; path = LoadingView.xib; sourceTree = "<group>"; };
		FC9B25BD21B2CD940016A465 /* EmptyView.swift */ = {isa = PBXFileReference; lastKnownFileType = sourcecode.swift; path = EmptyView.swift; sourceTree = "<group>"; };
		FC9B25BF21B2CD9D0016A465 /* EmptyView.xib */ = {isa = PBXFileReference; lastKnownFileType = file.xib; path = EmptyView.xib; sourceTree = "<group>"; };
		FC9B25C221B2D4880016A465 /* PhotoDetailsPresenter.swift */ = {isa = PBXFileReference; lastKnownFileType = sourcecode.swift; path = PhotoDetailsPresenter.swift; sourceTree = "<group>"; };
		FC9B25C421B2D4980016A465 /* PhotoDetailsViewController.swift */ = {isa = PBXFileReference; lastKnownFileType = sourcecode.swift; path = PhotoDetailsViewController.swift; sourceTree = "<group>"; };
		FC9B25C921B2E3230016A465 /* BaseNavigationController.swift */ = {isa = PBXFileReference; lastKnownFileType = sourcecode.swift; path = BaseNavigationController.swift; sourceTree = "<group>"; };
		FC9B25CB21B2E6690016A465 /* PhotoDetailsView.swift */ = {isa = PBXFileReference; lastKnownFileType = sourcecode.swift; path = PhotoDetailsView.swift; sourceTree = "<group>"; };
		FC9B25CD21B2E6730016A465 /* PhotoDetailsView.xib */ = {isa = PBXFileReference; lastKnownFileType = file.xib; path = PhotoDetailsView.xib; sourceTree = "<group>"; };
		FCBBF66121B1F7F600EFC595 /* SearchPhotoResultAPI.swift */ = {isa = PBXFileReference; lastKnownFileType = sourcecode.swift; path = SearchPhotoResultAPI.swift; sourceTree = "<group>"; };
		FE29173F403FC55E931D2CC4 /* Pods-PhotoViewer.release.xcconfig */ = {isa = PBXFileReference; includeInIndex = 1; lastKnownFileType = text.xcconfig; name = "Pods-PhotoViewer.release.xcconfig"; path = "Pods/Target Support Files/Pods-PhotoViewer/Pods-PhotoViewer.release.xcconfig"; sourceTree = "<group>"; };
/* End PBXFileReference section */

/* Begin PBXFrameworksBuildPhase section */
		6485606F23B1463800C6A0D2 /* Frameworks */ = {
			isa = PBXFrameworksBuildPhase;
			buildActionMask = 2147483647;
			files = (
				2CCB098BDDA4E3E462B6CA81 /* Pods_PhotoViewer_PhotoViewerTests.framework in Frameworks */,
			);
			runOnlyForDeploymentPostprocessing = 0;
		};
		FC951A3621B0301D00ABF0E1 /* Frameworks */ = {
			isa = PBXFrameworksBuildPhase;
			buildActionMask = 2147483647;
			files = (
				009ECDEB0B1721FE5C627C94 /* Pods_PhotoViewer.framework in Frameworks */,
			);
			runOnlyForDeploymentPostprocessing = 0;
		};
/* End PBXFrameworksBuildPhase section */

/* Begin PBXGroup section */
		6482272B23B6A06C0058ABA8 /* workers */ = {
			isa = PBXGroup;
			children = (
				6482272E23B6A3B00058ABA8 /* SearchPhotosWorker.swift */,
				6482272C23B6A08D0058ABA8 /* PaginatedPhotosWorker.swift */,
			);
			path = workers;
			sourceTree = "<group>";
		};
		6485605F23B145E300C6A0D2 /* supporting files */ = {
			isa = PBXGroup;
			children = (
				FC951A4821B0301E00ABF0E1 /* Info.plist */,
				FC951A4321B0301E00ABF0E1 /* Assets.xcassets */,
				FC951A4521B0301E00ABF0E1 /* LaunchScreen.storyboard */,
			);
			name = "supporting files";
			sourceTree = "<group>";
		};
		6485607323B1463800C6A0D2 /* PhotoViewerTests */ = {
			isa = PBXGroup;
			children = (
				648762BB23B4F5AA005A7EB2 /* extensions */,
				64F1C89223B246D000AB6B92 /* navigation */,
				64FECE8223BA62C300C98F4B /* domain */,
				648762B723B4E1BB005A7EB2 /* presentation */,
				6485607623B1463800C6A0D2 /* Info.plist */,
				64FECE8923BA757700C98F4B /* photos.json */,
			);
			path = PhotoViewerTests;
			sourceTree = "<group>";
		};
		648762B723B4E1BB005A7EB2 /* presentation */ = {
			isa = PBXGroup;
			children = (
				648762B823B4E1C3005A7EB2 /* photos */,
				64F92AEB23C3B3B50071D9E2 /* photoDetails */,
			);
			path = presentation;
			sourceTree = "<group>";
		};
		648762B823B4E1C3005A7EB2 /* photos */ = {
			isa = PBXGroup;
			children = (
				648762BE23B5219C005A7EB2 /* mocks */,
				648762B923B4E1DB005A7EB2 /* PhotosPresenterSpec.swift */,
				648762C323B566DC005A7EB2 /* PhotosViewControllerSpec.swift */,
			);
			path = photos;
			sourceTree = "<group>";
		};
		648762BB23B4F5AA005A7EB2 /* extensions */ = {
			isa = PBXGroup;
			children = (
				64F92AE723C3677A0071D9E2 /* Entity.swift */,
				648762C123B52383005A7EB2 /* Models.swift */,
			);
			path = extensions;
			sourceTree = "<group>";
		};
		648762BE23B5219C005A7EB2 /* mocks */ = {
			isa = PBXGroup;
			children = (
				648762BC23B4F5C9005A7EB2 /* PhotosRouterMock.swift */,
				648762BF23B521B4005A7EB2 /* PhotosInteractorMock.swift */,
				6482272923B66F9F0058ABA8 /* PhotosPresenterMock.swift */,
			);
			path = mocks;
			sourceTree = "<group>";
		};
		6491576E23BFA8A2000EDB60 /* interactor */ = {
			isa = PBXGroup;
			children = (
				6491576F23BFA9F3000EDB60 /* PhotosInteractorSpec.swift */,
			);
			path = interactor;
			sourceTree = "<group>";
		};
		64E22F0F23C50706003DF3C9 /* views */ = {
			isa = PBXGroup;
			children = (
				FC2F562D21B1C0CA00C2D51C /* photoCell */,
			);
			path = views;
			sourceTree = "<group>";
		};
		64E22F1423C516FE003DF3C9 /* loading */ = {
			isa = PBXGroup;
			children = (
				FC39ECEC21B2C1D800B63F6C /* LoadingView.swift */,
				FC9B25BB21B2C7530016A465 /* LoadingView.xib */,
			);
			path = loading;
			sourceTree = "<group>";
		};
		64E22F1523C51709003DF3C9 /* empty */ = {
			isa = PBXGroup;
			children = (
				FC9B25BD21B2CD940016A465 /* EmptyView.swift */,
				FC9B25BF21B2CD9D0016A465 /* EmptyView.xib */,
			);
			path = empty;
			sourceTree = "<group>";
		};
		64F1C88B23B2463700AB6B92 /* navigation */ = {
			isa = PBXGroup;
			children = (
				64F1C88E23B2465D00AB6B92 /* coordinator */,
				64F1C88F23B2466900AB6B92 /* moduleFactory */,
			);
			path = navigation;
			sourceTree = "<group>";
		};
		64F1C88E23B2465D00AB6B92 /* coordinator */ = {
			isa = PBXGroup;
			children = (
				64F1C89A23B24DD200AB6B92 /* PhotosCoordinator.swift */,
			);
			path = coordinator;
			sourceTree = "<group>";
		};
		64F1C88F23B2466900AB6B92 /* moduleFactory */ = {
			isa = PBXGroup;
			children = (
				64F1C89023B246A900AB6B92 /* PhotoFactory.swift */,
			);
			path = moduleFactory;
			sourceTree = "<group>";
		};
		64F1C89223B246D000AB6B92 /* navigation */ = {
			isa = PBXGroup;
			children = (
				64F1C89823B24D9F00AB6B92 /* coordinator */,
				64F1C89923B24DAC00AB6B92 /* moduleFactory */,
			);
			path = navigation;
			sourceTree = "<group>";
		};
		64F1C89823B24D9F00AB6B92 /* coordinator */ = {
			isa = PBXGroup;
			children = (
				64F1C89C23B24DE700AB6B92 /* PhotosCoordinatorSpec.swift */,
			);
			path = coordinator;
			sourceTree = "<group>";
		};
		64F1C89923B24DAC00AB6B92 /* moduleFactory */ = {
			isa = PBXGroup;
			children = (
				64F1C89623B248B600AB6B92 /* FactorySpec.swift */,
			);
			path = moduleFactory;
			sourceTree = "<group>";
		};
		64F92AE423C364970071D9E2 /* models */ = {
			isa = PBXGroup;
			children = (
				64F92AE523C364AC0071D9E2 /* PhotoSpec.swift */,
				64F92AE923C37B710071D9E2 /* PictureSpec.swift */,
				64E22F0D23C4C5C9003DF3C9 /* UserSpec.swift */,
			);
			path = models;
			sourceTree = "<group>";
		};
		64F92AEB23C3B3B50071D9E2 /* photoDetails */ = {
			isa = PBXGroup;
			children = (
				64F92AEC23C3B3C00071D9E2 /* mocks */,
				64C3799F23C61C9B00D93B22 /* PhotoDetailsViewSpec.swift */,
				64F92AEF23C3E6F50071D9E2 /* PhotoDetailsPresenterSpec.swift */,
				64E22F1023C50838003DF3C9 /* PhotoDetailsViewControllerSpec.swift */,
			);
			path = photoDetails;
			sourceTree = "<group>";
		};
		64F92AEC23C3B3C00071D9E2 /* mocks */ = {
			isa = PBXGroup;
			children = (
				64F92AED23C3B3D60071D9E2 /* PhotoDetailsRouterMock.swift */,
				644C73FB23C6082F003387C2 /* PhotoDetailsPresenterMock.swift */,
			);
			path = mocks;
			sourceTree = "<group>";
		};
		64FECE8223BA62C300C98F4B /* domain */ = {
			isa = PBXGroup;
			children = (
				64FECE8623BA672000C98F4B /* mocks */,
				64F92AE423C364970071D9E2 /* models */,
				64FECE8323BA62CC00C98F4B /* workers */,
				6491576E23BFA8A2000EDB60 /* interactor */,
			);
			path = domain;
			sourceTree = "<group>";
		};
		64FECE8323BA62CC00C98F4B /* workers */ = {
			isa = PBXGroup;
			children = (
				64D0D5C623BE2B420065793B /* SearchPhotosWorkerSpec.swift */,
				64FECE8423BA634D00C98F4B /* PaginatedPhotosWorkerSpec.swift */,
			);
			path = workers;
			sourceTree = "<group>";
		};
		64FECE8623BA672000C98F4B /* mocks */ = {
			isa = PBXGroup;
			children = (
				64FECE8723BA673B00C98F4B /* PhotoRepositoryMock.swift */,
				6491577323BFAC5C000EDB60 /* SearchPhotosWorkerMock.swift */,
				6491577123BFABC4000EDB60 /* PaginatedPhotosWorkerMock.swift */,
			);
			path = mocks;
			sourceTree = "<group>";
		};
		6D34F7E9F15F935A0BAE192D /* Pods */ = {
			isa = PBXGroup;
			children = (
				E39458703E2E11F171880B5C /* Pods-PhotoViewer.debug.xcconfig */,
				FE29173F403FC55E931D2CC4 /* Pods-PhotoViewer.release.xcconfig */,
				155EBBD18A36DF3263395455 /* Pods-PhotoViewer-PhotoViewerTests.debug.xcconfig */,
				ACA950D093C989540F04BA0D /* Pods-PhotoViewer-PhotoViewerTests.release.xcconfig */,
			);
			name = Pods;
			sourceTree = "<group>";
		};
		963A49A124387FF8BAD2E14F /* Frameworks */ = {
			isa = PBXGroup;
			children = (
				BC504652ADFD77205FB468ED /* Pods_PhotoViewer.framework */,
				EE3143679A4CF94A98E1CD2C /* Pods_PhotoViewer_PhotoViewerTests.framework */,
			);
			name = Frameworks;
			sourceTree = "<group>";
		};
		FC2F562D21B1C0CA00C2D51C /* photoCell */ = {
			isa = PBXGroup;
			children = (
				FC62F31721B0A4D500E1A7F6 /* PhotoCollectionViewModel.swift */,
				FC62F2FF21B0820D00E1A7F6 /* PhotoCollectionViewCell.swift */,
				FC62F30021B0820D00E1A7F6 /* PhotoCollectionViewCell.xib */,
			);
			path = photoCell;
			sourceTree = "<group>";
		};
		FC39ECEB21B2C19600B63F6C /* placeholders */ = {
			isa = PBXGroup;
			children = (
				64E22F1523C51709003DF3C9 /* empty */,
				64E22F1423C516FE003DF3C9 /* loading */,
			);
			path = placeholders;
			sourceTree = "<group>";
		};
		FC62F2ED21B0411C00E1A7F6 /* api */ = {
			isa = PBXGroup;
			children = (
				FC62F2EE21B0413500E1A7F6 /* APITarget.swift */,
				FC62F2F021B0414700E1A7F6 /* APIClient.swift */,
			);
			path = api;
			sourceTree = "<group>";
		};
		FC62F2F221B043EF00E1A7F6 /* entities */ = {
			isa = PBXGroup;
			children = (
				FC62F2F321B0441100E1A7F6 /* PhotoAPI.swift */,
				FC62F2F721B06BB000E1A7F6 /* PictureAPI.swift */,
				FC62F31F21B0C4AC00E1A7F6 /* UserAPI.swift */,
				FCBBF66121B1F7F600EFC595 /* SearchPhotoResultAPI.swift */,
			);
			path = entities;
			sourceTree = "<group>";
		};
		FC62F30521B09D8E00E1A7F6 /* interactor */ = {
			isa = PBXGroup;
			children = (
				FC62F30621B09DA000E1A7F6 /* BaseInteractor.swift */,
				FC62F30821B09DC800E1A7F6 /* PhotosInteractor.swift */,
			);
			path = interactor;
			sourceTree = "<group>";
		};
		FC62F30A21B09F1600E1A7F6 /* repositories */ = {
			isa = PBXGroup;
			children = (
				FC62F30B21B09F3100E1A7F6 /* BaseRepository.swift */,
				FC62F30D21B09F6600E1A7F6 /* PhotoRepository.swift */,
			);
			path = repositories;
			sourceTree = "<group>";
		};
		FC62F30F21B09FEF00E1A7F6 /* utils */ = {
			isa = PBXGroup;
			children = (
				FC62F31021B09FFB00E1A7F6 /* Response.swift */,
			);
			path = utils;
			sourceTree = "<group>";
		};
		FC62F31221B0A04700E1A7F6 /* models */ = {
			isa = PBXGroup;
			children = (
				FC62F31321B0A05200E1A7F6 /* Photo.swift */,
				FC62F31521B0A08D00E1A7F6 /* Picture.swift */,
				FC62F32121B0C58200E1A7F6 /* User.swift */,
			);
			path = models;
			sourceTree = "<group>";
		};
		FC62F31A21B0B1B200E1A7F6 /* extensions */ = {
			isa = PBXGroup;
			children = (
				64E22F1223C512C9003DF3C9 /* Colors.swift */,
				64E22F1623C51728003DF3C9 /* UIViewController+Loading.swift */,
				6484875D23C798CD0012CBF2 /* UIViewController+CollectionView.swift */,
			);
			path = extensions;
			sourceTree = "<group>";
		};
		FC62F32521B0CB7F00E1A7F6 /* view */ = {
			isa = PBXGroup;
			children = (
				FC39ECEB21B2C19600B63F6C /* placeholders */,
				FC62F32621B0CB9500E1A7F6 /* InifiteScrollView.swift */,
			);
			path = view;
			sourceTree = "<group>";
		};
		FC951A3021B0301D00ABF0E1 = {
			isa = PBXGroup;
			children = (
				FC951A3B21B0301D00ABF0E1 /* PhotoViewer */,
				6485607323B1463800C6A0D2 /* PhotoViewerTests */,
				FC951A3A21B0301D00ABF0E1 /* Products */,
				6D34F7E9F15F935A0BAE192D /* Pods */,
				963A49A124387FF8BAD2E14F /* Frameworks */,
			);
			sourceTree = "<group>";
		};
		FC951A3A21B0301D00ABF0E1 /* Products */ = {
			isa = PBXGroup;
			children = (
				FC951A3921B0301D00ABF0E1 /* PhotoViewer.app */,
				6485607223B1463800C6A0D2 /* PhotoViewerTests.xctest */,
			);
			name = Products;
			sourceTree = "<group>";
		};
		FC951A3B21B0301D00ABF0E1 /* PhotoViewer */ = {
			isa = PBXGroup;
			children = (
				64F1C88B23B2463700AB6B92 /* navigation */,
				FC951A4E21B0324300ABF0E1 /* data */,
				FC951A4F21B0324800ABF0E1 /* domain */,
				FC951A5021B0324F00ABF0E1 /* presentation */,
				FC951A3C21B0301D00ABF0E1 /* AppDelegate.swift */,
				6485605F23B145E300C6A0D2 /* supporting files */,
			);
			path = PhotoViewer;
			sourceTree = "<group>";
		};
		FC951A4E21B0324300ABF0E1 /* data */ = {
			isa = PBXGroup;
			children = (
				FC62F2ED21B0411C00E1A7F6 /* api */,
				FC62F2F221B043EF00E1A7F6 /* entities */,
				FC62F30A21B09F1600E1A7F6 /* repositories */,
			);
			path = data;
			sourceTree = "<group>";
		};
		FC951A4F21B0324800ABF0E1 /* domain */ = {
			isa = PBXGroup;
			children = (
				FC62F30F21B09FEF00E1A7F6 /* utils */,
				FC62F31221B0A04700E1A7F6 /* models */,
				6482272B23B6A06C0058ABA8 /* workers */,
				FC62F30521B09D8E00E1A7F6 /* interactor */,
			);
			path = domain;
			sourceTree = "<group>";
		};
		FC951A5021B0324F00ABF0E1 /* presentation */ = {
			isa = PBXGroup;
			children = (
				FC62F31A21B0B1B200E1A7F6 /* extensions */,
				FC62F32521B0CB7F00E1A7F6 /* view */,
				FC951A5421B0352C00ABF0E1 /* base */,
				FC951A5121B0350400ABF0E1 /* photos */,
				FC9B25C121B2D4340016A465 /* photoDetails */,
			);
			path = presentation;
			sourceTree = "<group>";
		};
		FC951A5121B0350400ABF0E1 /* photos */ = {
			isa = PBXGroup;
			children = (
				64E22F0F23C50706003DF3C9 /* views */,
				FC62F2EB21B03D3A00E1A7F6 /* PhotosPresenter.swift */,
				FC62F2E921B03C9E00E1A7F6 /* PhotosViewController.swift */,
			);
			path = photos;
			sourceTree = "<group>";
		};
		FC951A5421B0352C00ABF0E1 /* base */ = {
			isa = PBXGroup;
			children = (
				FC951A5921B0355B00ABF0E1 /* BasePresenter.swift */,
				FC951A5721B0354D00ABF0E1 /* BaseViewController.swift */,
				FC9B25C921B2E3230016A465 /* BaseNavigationController.swift */,
			);
			path = base;
			sourceTree = "<group>";
		};
		FC9B25C121B2D4340016A465 /* photoDetails */ = {
			isa = PBXGroup;
			children = (
				FC9B25C821B2DA7C0016A465 /* view */,
				FC9B25C221B2D4880016A465 /* PhotoDetailsPresenter.swift */,
				FC9B25C421B2D4980016A465 /* PhotoDetailsViewController.swift */,
			);
			path = photoDetails;
			sourceTree = "<group>";
		};
		FC9B25C821B2DA7C0016A465 /* view */ = {
			isa = PBXGroup;
			children = (
				FC9B25CB21B2E6690016A465 /* PhotoDetailsView.swift */,
				FC9B25CD21B2E6730016A465 /* PhotoDetailsView.xib */,
			);
			path = view;
			sourceTree = "<group>";
		};
/* End PBXGroup section */

/* Begin PBXNativeTarget section */
		6485607123B1463800C6A0D2 /* PhotoViewerTests */ = {
			isa = PBXNativeTarget;
			buildConfigurationList = 6485607923B1463800C6A0D2 /* Build configuration list for PBXNativeTarget "PhotoViewerTests" */;
			buildPhases = (
				9C9164582403345A84AC08D7 /* [CP] Check Pods Manifest.lock */,
				6485606E23B1463800C6A0D2 /* Sources */,
				6485606F23B1463800C6A0D2 /* Frameworks */,
				6485607023B1463800C6A0D2 /* Resources */,
				61E3801D54DDDA7FCAB95780 /* [CP] Embed Pods Frameworks */,
			);
			buildRules = (
			);
			dependencies = (
				6485607823B1463800C6A0D2 /* PBXTargetDependency */,
			);
			name = PhotoViewerTests;
			productName = PhotoViewerTests;
			productReference = 6485607223B1463800C6A0D2 /* PhotoViewerTests.xctest */;
			productType = "com.apple.product-type.bundle.unit-test";
		};
		FC951A3821B0301D00ABF0E1 /* PhotoViewer */ = {
			isa = PBXNativeTarget;
			buildConfigurationList = FC951A4B21B0301E00ABF0E1 /* Build configuration list for PBXNativeTarget "PhotoViewer" */;
			buildPhases = (
				B223CC8A170045D1BF8A6ADF /* [CP] Check Pods Manifest.lock */,
				FC951A3521B0301D00ABF0E1 /* Sources */,
				FC951A3621B0301D00ABF0E1 /* Frameworks */,
				FC951A3721B0301D00ABF0E1 /* Resources */,
				E33C43946636EA7D720F9173 /* [CP] Embed Pods Frameworks */,
			);
			buildRules = (
			);
			dependencies = (
			);
			name = PhotoViewer;
			productName = PhotoViewer;
			productReference = FC951A3921B0301D00ABF0E1 /* PhotoViewer.app */;
			productType = "com.apple.product-type.application";
		};
/* End PBXNativeTarget section */

/* Begin PBXProject section */
		FC951A3121B0301D00ABF0E1 /* Project object */ = {
			isa = PBXProject;
			attributes = {
				LastSwiftUpdateCheck = 1130;
				LastUpgradeCheck = 1010;
				ORGANIZATIONNAME = "Vitor Mesquita";
				TargetAttributes = {
					6485607123B1463800C6A0D2 = {
						CreatedOnToolsVersion = 11.3;
						LastSwiftMigration = 1130;
						TestTargetID = FC951A3821B0301D00ABF0E1;
					};
					FC951A3821B0301D00ABF0E1 = {
						CreatedOnToolsVersion = 10.1;
					};
				};
			};
			buildConfigurationList = FC951A3421B0301D00ABF0E1 /* Build configuration list for PBXProject "PhotoViewer" */;
			compatibilityVersion = "Xcode 9.3";
			developmentRegion = en;
			hasScannedForEncodings = 0;
			knownRegions = (
				en,
				Base,
			);
			mainGroup = FC951A3021B0301D00ABF0E1;
			productRefGroup = FC951A3A21B0301D00ABF0E1 /* Products */;
			projectDirPath = "";
			projectRoot = "";
			targets = (
				FC951A3821B0301D00ABF0E1 /* PhotoViewer */,
				6485607123B1463800C6A0D2 /* PhotoViewerTests */,
			);
		};
/* End PBXProject section */

/* Begin PBXResourcesBuildPhase section */
		6485607023B1463800C6A0D2 /* Resources */ = {
			isa = PBXResourcesBuildPhase;
			buildActionMask = 2147483647;
			files = (
				64FECE8A23BA757700C98F4B /* photos.json in Resources */,
			);
			runOnlyForDeploymentPostprocessing = 0;
		};
		FC951A3721B0301D00ABF0E1 /* Resources */ = {
			isa = PBXResourcesBuildPhase;
			buildActionMask = 2147483647;
			files = (
				FC62F30221B0820D00E1A7F6 /* PhotoCollectionViewCell.xib in Resources */,
				FC951A4721B0301E00ABF0E1 /* LaunchScreen.storyboard in Resources */,
				FC951A4421B0301E00ABF0E1 /* Assets.xcassets in Resources */,
				FC9B25CE21B2E6730016A465 /* PhotoDetailsView.xib in Resources */,
				FC9B25C021B2CD9D0016A465 /* EmptyView.xib in Resources */,
				FC9B25BC21B2C7530016A465 /* LoadingView.xib in Resources */,
			);
			runOnlyForDeploymentPostprocessing = 0;
		};
/* End PBXResourcesBuildPhase section */

/* Begin PBXShellScriptBuildPhase section */
		61E3801D54DDDA7FCAB95780 /* [CP] Embed Pods Frameworks */ = {
			isa = PBXShellScriptBuildPhase;
			buildActionMask = 2147483647;
			files = (
			);
			inputFileListPaths = (
				"${PODS_ROOT}/Target Support Files/Pods-PhotoViewer-PhotoViewerTests/Pods-PhotoViewer-PhotoViewerTests-frameworks-${CONFIGURATION}-input-files.xcfilelist",
			);
			name = "[CP] Embed Pods Frameworks";
			outputFileListPaths = (
				"${PODS_ROOT}/Target Support Files/Pods-PhotoViewer-PhotoViewerTests/Pods-PhotoViewer-PhotoViewerTests-frameworks-${CONFIGURATION}-output-files.xcfilelist",
			);
			runOnlyForDeploymentPostprocessing = 0;
			shellPath = /bin/sh;
			shellScript = "\"${PODS_ROOT}/Target Support Files/Pods-PhotoViewer-PhotoViewerTests/Pods-PhotoViewer-PhotoViewerTests-frameworks.sh\"\n";
			showEnvVarsInLog = 0;
		};
		9C9164582403345A84AC08D7 /* [CP] Check Pods Manifest.lock */ = {
			isa = PBXShellScriptBuildPhase;
			buildActionMask = 2147483647;
			files = (
			);
			inputFileListPaths = (
			);
			inputPaths = (
				"${PODS_PODFILE_DIR_PATH}/Podfile.lock",
				"${PODS_ROOT}/Manifest.lock",
			);
			name = "[CP] Check Pods Manifest.lock";
			outputFileListPaths = (
			);
			outputPaths = (
				"$(DERIVED_FILE_DIR)/Pods-PhotoViewer-PhotoViewerTests-checkManifestLockResult.txt",
			);
			runOnlyForDeploymentPostprocessing = 0;
			shellPath = /bin/sh;
			shellScript = "diff \"${PODS_PODFILE_DIR_PATH}/Podfile.lock\" \"${PODS_ROOT}/Manifest.lock\" > /dev/null\nif [ $? != 0 ] ; then\n    # print error to STDERR\n    echo \"error: The sandbox is not in sync with the Podfile.lock. Run 'pod install' or update your CocoaPods installation.\" >&2\n    exit 1\nfi\n# This output is used by Xcode 'outputs' to avoid re-running this script phase.\necho \"SUCCESS\" > \"${SCRIPT_OUTPUT_FILE_0}\"\n";
			showEnvVarsInLog = 0;
		};
		B223CC8A170045D1BF8A6ADF /* [CP] Check Pods Manifest.lock */ = {
			isa = PBXShellScriptBuildPhase;
			buildActionMask = 2147483647;
			files = (
			);
			inputFileListPaths = (
			);
			inputPaths = (
				"${PODS_PODFILE_DIR_PATH}/Podfile.lock",
				"${PODS_ROOT}/Manifest.lock",
			);
			name = "[CP] Check Pods Manifest.lock";
			outputFileListPaths = (
			);
			outputPaths = (
				"$(DERIVED_FILE_DIR)/Pods-PhotoViewer-checkManifestLockResult.txt",
			);
			runOnlyForDeploymentPostprocessing = 0;
			shellPath = /bin/sh;
			shellScript = "diff \"${PODS_PODFILE_DIR_PATH}/Podfile.lock\" \"${PODS_ROOT}/Manifest.lock\" > /dev/null\nif [ $? != 0 ] ; then\n    # print error to STDERR\n    echo \"error: The sandbox is not in sync with the Podfile.lock. Run 'pod install' or update your CocoaPods installation.\" >&2\n    exit 1\nfi\n# This output is used by Xcode 'outputs' to avoid re-running this script phase.\necho \"SUCCESS\" > \"${SCRIPT_OUTPUT_FILE_0}\"\n";
			showEnvVarsInLog = 0;
		};
		E33C43946636EA7D720F9173 /* [CP] Embed Pods Frameworks */ = {
			isa = PBXShellScriptBuildPhase;
			buildActionMask = 2147483647;
			files = (
			);
			inputFileListPaths = (
				"${PODS_ROOT}/Target Support Files/Pods-PhotoViewer/Pods-PhotoViewer-frameworks-${CONFIGURATION}-input-files.xcfilelist",
			);
			name = "[CP] Embed Pods Frameworks";
			outputFileListPaths = (
				"${PODS_ROOT}/Target Support Files/Pods-PhotoViewer/Pods-PhotoViewer-frameworks-${CONFIGURATION}-output-files.xcfilelist",
			);
			runOnlyForDeploymentPostprocessing = 0;
			shellPath = /bin/sh;
			shellScript = "\"${PODS_ROOT}/Target Support Files/Pods-PhotoViewer/Pods-PhotoViewer-frameworks.sh\"\n";
			showEnvVarsInLog = 0;
		};
/* End PBXShellScriptBuildPhase section */

/* Begin PBXSourcesBuildPhase section */
		6485606E23B1463800C6A0D2 /* Sources */ = {
			isa = PBXSourcesBuildPhase;
			buildActionMask = 2147483647;
			files = (
				64F92AE623C364AC0071D9E2 /* PhotoSpec.swift in Sources */,
				64F1C89D23B24DE700AB6B92 /* PhotosCoordinatorSpec.swift in Sources */,
				6491577223BFABC4000EDB60 /* PaginatedPhotosWorkerMock.swift in Sources */,
				64E22F1123C50838003DF3C9 /* PhotoDetailsViewControllerSpec.swift in Sources */,
				64D0D5C723BE2B420065793B /* SearchPhotosWorkerSpec.swift in Sources */,
				64F92AE823C3677A0071D9E2 /* Entity.swift in Sources */,
				648762BD23B4F5C9005A7EB2 /* PhotosRouterMock.swift in Sources */,
				64C379A023C61C9B00D93B22 /* PhotoDetailsViewSpec.swift in Sources */,
				6491577423BFAC5C000EDB60 /* SearchPhotosWorkerMock.swift in Sources */,
				64FECE8823BA673B00C98F4B /* PhotoRepositoryMock.swift in Sources */,
				6491577023BFA9F3000EDB60 /* PhotosInteractorSpec.swift in Sources */,
				648762C023B521B4005A7EB2 /* PhotosInteractorMock.swift in Sources */,
				64FECE8523BA634D00C98F4B /* PaginatedPhotosWorkerSpec.swift in Sources */,
				64F92AF023C3E6F50071D9E2 /* PhotoDetailsPresenterSpec.swift in Sources */,
				6482272A23B66F9F0058ABA8 /* PhotosPresenterMock.swift in Sources */,
				644C73FC23C6082F003387C2 /* PhotoDetailsPresenterMock.swift in Sources */,
				64F92AEE23C3B3D60071D9E2 /* PhotoDetailsRouterMock.swift in Sources */,
				648762C423B566DC005A7EB2 /* PhotosViewControllerSpec.swift in Sources */,
				64F92AEA23C37B710071D9E2 /* PictureSpec.swift in Sources */,
				648762C223B52383005A7EB2 /* Models.swift in Sources */,
				648762BA23B4E1DB005A7EB2 /* PhotosPresenterSpec.swift in Sources */,
				64F1C89723B248B600AB6B92 /* FactorySpec.swift in Sources */,
				64E22F0E23C4C5C9003DF3C9 /* UserSpec.swift in Sources */,
			);
			runOnlyForDeploymentPostprocessing = 0;
		};
		FC951A3521B0301D00ABF0E1 /* Sources */ = {
			isa = PBXSourcesBuildPhase;
			buildActionMask = 2147483647;
			files = (
				64F1C89123B246A900AB6B92 /* PhotoFactory.swift in Sources */,
				64E22F1323C512C9003DF3C9 /* Colors.swift in Sources */,
				FC62F32221B0C58200E1A7F6 /* User.swift in Sources */,
				FC62F31821B0A4D500E1A7F6 /* PhotoCollectionViewModel.swift in Sources */,
				FC62F31421B0A05200E1A7F6 /* Photo.swift in Sources */,
				FC39ECED21B2C1D800B63F6C /* LoadingView.swift in Sources */,
				FC951A5A21B0355B00ABF0E1 /* BasePresenter.swift in Sources */,
				FC62F2F421B0441100E1A7F6 /* PhotoAPI.swift in Sources */,
				FC62F32721B0CB9500E1A7F6 /* InifiteScrollView.swift in Sources */,
				FC62F30921B09DC800E1A7F6 /* PhotosInteractor.swift in Sources */,
				64F1C89B23B24DD200AB6B92 /* PhotosCoordinator.swift in Sources */,
				FC62F30721B09DA000E1A7F6 /* BaseInteractor.swift in Sources */,
				FC9B25C321B2D4880016A465 /* PhotoDetailsPresenter.swift in Sources */,
				FCBBF66221B1F7F600EFC595 /* SearchPhotoResultAPI.swift in Sources */,
				6484875E23C798CD0012CBF2 /* UIViewController+CollectionView.swift in Sources */,
				FC62F31121B09FFB00E1A7F6 /* Response.swift in Sources */,
				FC62F2EF21B0413500E1A7F6 /* APITarget.swift in Sources */,
				FC62F30E21B09F6600E1A7F6 /* PhotoRepository.swift in Sources */,
				FC62F2F821B06BB000E1A7F6 /* PictureAPI.swift in Sources */,
				FC62F31621B0A08D00E1A7F6 /* Picture.swift in Sources */,
				FC9B25BE21B2CD940016A465 /* EmptyView.swift in Sources */,
				64E22F1723C51728003DF3C9 /* UIViewController+Loading.swift in Sources */,
				FC62F2EA21B03C9E00E1A7F6 /* PhotosViewController.swift in Sources */,
				FC9B25CA21B2E3230016A465 /* BaseNavigationController.swift in Sources */,
				6482272F23B6A3B00058ABA8 /* SearchPhotosWorker.swift in Sources */,
				FC9B25C521B2D4980016A465 /* PhotoDetailsViewController.swift in Sources */,
				FC62F30C21B09F3100E1A7F6 /* BaseRepository.swift in Sources */,
				FC951A5821B0354D00ABF0E1 /* BaseViewController.swift in Sources */,
				FC62F2EC21B03D3A00E1A7F6 /* PhotosPresenter.swift in Sources */,
				FC9B25CC21B2E6690016A465 /* PhotoDetailsView.swift in Sources */,
				FC62F30121B0820D00E1A7F6 /* PhotoCollectionViewCell.swift in Sources */,
				FC951A3D21B0301D00ABF0E1 /* AppDelegate.swift in Sources */,
				6482272D23B6A08D0058ABA8 /* PaginatedPhotosWorker.swift in Sources */,
				FC62F32021B0C4AC00E1A7F6 /* UserAPI.swift in Sources */,
				FC62F2F121B0414700E1A7F6 /* APIClient.swift in Sources */,
			);
			runOnlyForDeploymentPostprocessing = 0;
		};
/* End PBXSourcesBuildPhase section */

/* Begin PBXTargetDependency section */
		6485607823B1463800C6A0D2 /* PBXTargetDependency */ = {
			isa = PBXTargetDependency;
			target = FC951A3821B0301D00ABF0E1 /* PhotoViewer */;
			targetProxy = 6485607723B1463800C6A0D2 /* PBXContainerItemProxy */;
		};
/* End PBXTargetDependency section */

/* Begin PBXVariantGroup section */
		FC951A4521B0301E00ABF0E1 /* LaunchScreen.storyboard */ = {
			isa = PBXVariantGroup;
			children = (
				FC951A4621B0301E00ABF0E1 /* Base */,
			);
			name = LaunchScreen.storyboard;
			sourceTree = "<group>";
		};
/* End PBXVariantGroup section */

/* Begin XCBuildConfiguration section */
		6485607A23B1463800C6A0D2 /* Debug */ = {
			isa = XCBuildConfiguration;
			baseConfigurationReference = 155EBBD18A36DF3263395455 /* Pods-PhotoViewer-PhotoViewerTests.debug.xcconfig */;
			buildSettings = {
				BUNDLE_LOADER = "$(TEST_HOST)";
				CLANG_ENABLE_MODULES = YES;
				CODE_SIGN_STYLE = Automatic;
				DEVELOPMENT_TEAM = KXWH4SC5H2;
				INFOPLIST_FILE = PhotoViewerTests/Info.plist;
				IPHONEOS_DEPLOYMENT_TARGET = 13.2;
				LD_RUNPATH_SEARCH_PATHS = (
					"$(inherited)",
					"@executable_path/Frameworks",
					"@loader_path/Frameworks",
				);
				PRODUCT_BUNDLE_IDENTIFIER = test.PhotoViewerTests;
				PRODUCT_NAME = "$(TARGET_NAME)";
				SWIFT_OPTIMIZATION_LEVEL = "-Onone";
				SWIFT_VERSION = 5.0;
				TARGETED_DEVICE_FAMILY = "1,2";
				TEST_HOST = "$(BUILT_PRODUCTS_DIR)/PhotoViewer.app/PhotoViewer";
			};
			name = Debug;
		};
		6485607B23B1463800C6A0D2 /* Release */ = {
			isa = XCBuildConfiguration;
			baseConfigurationReference = ACA950D093C989540F04BA0D /* Pods-PhotoViewer-PhotoViewerTests.release.xcconfig */;
			buildSettings = {
				BUNDLE_LOADER = "$(TEST_HOST)";
				CLANG_ENABLE_MODULES = YES;
				CODE_SIGN_STYLE = Automatic;
				DEVELOPMENT_TEAM = KXWH4SC5H2;
				INFOPLIST_FILE = PhotoViewerTests/Info.plist;
				IPHONEOS_DEPLOYMENT_TARGET = 13.2;
				LD_RUNPATH_SEARCH_PATHS = (
					"$(inherited)",
					"@executable_path/Frameworks",
					"@loader_path/Frameworks",
				);
				PRODUCT_BUNDLE_IDENTIFIER = test.PhotoViewerTests;
				PRODUCT_NAME = "$(TARGET_NAME)";
				SWIFT_VERSION = 5.0;
				TARGETED_DEVICE_FAMILY = "1,2";
				TEST_HOST = "$(BUILT_PRODUCTS_DIR)/PhotoViewer.app/PhotoViewer";
			};
			name = Release;
		};
		FC951A4921B0301E00ABF0E1 /* Debug */ = {
			isa = XCBuildConfiguration;
			buildSettings = {
				ALWAYS_SEARCH_USER_PATHS = NO;
				CLANG_ANALYZER_NONNULL = YES;
				CLANG_ANALYZER_NUMBER_OBJECT_CONVERSION = YES_AGGRESSIVE;
				CLANG_CXX_LANGUAGE_STANDARD = "gnu++14";
				CLANG_CXX_LIBRARY = "libc++";
				CLANG_ENABLE_MODULES = YES;
				CLANG_ENABLE_OBJC_ARC = YES;
				CLANG_ENABLE_OBJC_WEAK = YES;
				CLANG_WARN_BLOCK_CAPTURE_AUTORELEASING = YES;
				CLANG_WARN_BOOL_CONVERSION = YES;
				CLANG_WARN_COMMA = YES;
				CLANG_WARN_CONSTANT_CONVERSION = YES;
				CLANG_WARN_DEPRECATED_OBJC_IMPLEMENTATIONS = YES;
				CLANG_WARN_DIRECT_OBJC_ISA_USAGE = YES_ERROR;
				CLANG_WARN_DOCUMENTATION_COMMENTS = YES;
				CLANG_WARN_EMPTY_BODY = YES;
				CLANG_WARN_ENUM_CONVERSION = YES;
				CLANG_WARN_INFINITE_RECURSION = YES;
				CLANG_WARN_INT_CONVERSION = YES;
				CLANG_WARN_NON_LITERAL_NULL_CONVERSION = YES;
				CLANG_WARN_OBJC_IMPLICIT_RETAIN_SELF = YES;
				CLANG_WARN_OBJC_LITERAL_CONVERSION = YES;
				CLANG_WARN_OBJC_ROOT_CLASS = YES_ERROR;
				CLANG_WARN_RANGE_LOOP_ANALYSIS = YES;
				CLANG_WARN_STRICT_PROTOTYPES = YES;
				CLANG_WARN_SUSPICIOUS_MOVE = YES;
				CLANG_WARN_UNGUARDED_AVAILABILITY = YES_AGGRESSIVE;
				CLANG_WARN_UNREACHABLE_CODE = YES;
				CLANG_WARN__DUPLICATE_METHOD_MATCH = YES;
				CODE_SIGN_IDENTITY = "iPhone Developer";
				COPY_PHASE_STRIP = NO;
				DEBUG_INFORMATION_FORMAT = dwarf;
				ENABLE_STRICT_OBJC_MSGSEND = YES;
				ENABLE_TESTABILITY = YES;
				GCC_C_LANGUAGE_STANDARD = gnu11;
				GCC_DYNAMIC_NO_PIC = NO;
				GCC_NO_COMMON_BLOCKS = YES;
				GCC_OPTIMIZATION_LEVEL = 0;
				GCC_PREPROCESSOR_DEFINITIONS = (
					"DEBUG=1",
					"$(inherited)",
				);
				GCC_WARN_64_TO_32_BIT_CONVERSION = YES;
				GCC_WARN_ABOUT_RETURN_TYPE = YES_ERROR;
				GCC_WARN_UNDECLARED_SELECTOR = YES;
				GCC_WARN_UNINITIALIZED_AUTOS = YES_AGGRESSIVE;
				GCC_WARN_UNUSED_FUNCTION = YES;
				GCC_WARN_UNUSED_VARIABLE = YES;
				IPHONEOS_DEPLOYMENT_TARGET = 12.1;
				MTL_ENABLE_DEBUG_INFO = INCLUDE_SOURCE;
				MTL_FAST_MATH = YES;
				ONLY_ACTIVE_ARCH = YES;
				SDKROOT = iphoneos;
				SWIFT_ACTIVE_COMPILATION_CONDITIONS = DEBUG;
				SWIFT_OPTIMIZATION_LEVEL = "-Onone";
			};
			name = Debug;
		};
		FC951A4A21B0301E00ABF0E1 /* Release */ = {
			isa = XCBuildConfiguration;
			buildSettings = {
				ALWAYS_SEARCH_USER_PATHS = NO;
				CLANG_ANALYZER_NONNULL = YES;
				CLANG_ANALYZER_NUMBER_OBJECT_CONVERSION = YES_AGGRESSIVE;
				CLANG_CXX_LANGUAGE_STANDARD = "gnu++14";
				CLANG_CXX_LIBRARY = "libc++";
				CLANG_ENABLE_MODULES = YES;
				CLANG_ENABLE_OBJC_ARC = YES;
				CLANG_ENABLE_OBJC_WEAK = YES;
				CLANG_WARN_BLOCK_CAPTURE_AUTORELEASING = YES;
				CLANG_WARN_BOOL_CONVERSION = YES;
				CLANG_WARN_COMMA = YES;
				CLANG_WARN_CONSTANT_CONVERSION = YES;
				CLANG_WARN_DEPRECATED_OBJC_IMPLEMENTATIONS = YES;
				CLANG_WARN_DIRECT_OBJC_ISA_USAGE = YES_ERROR;
				CLANG_WARN_DOCUMENTATION_COMMENTS = YES;
				CLANG_WARN_EMPTY_BODY = YES;
				CLANG_WARN_ENUM_CONVERSION = YES;
				CLANG_WARN_INFINITE_RECURSION = YES;
				CLANG_WARN_INT_CONVERSION = YES;
				CLANG_WARN_NON_LITERAL_NULL_CONVERSION = YES;
				CLANG_WARN_OBJC_IMPLICIT_RETAIN_SELF = YES;
				CLANG_WARN_OBJC_LITERAL_CONVERSION = YES;
				CLANG_WARN_OBJC_ROOT_CLASS = YES_ERROR;
				CLANG_WARN_RANGE_LOOP_ANALYSIS = YES;
				CLANG_WARN_STRICT_PROTOTYPES = YES;
				CLANG_WARN_SUSPICIOUS_MOVE = YES;
				CLANG_WARN_UNGUARDED_AVAILABILITY = YES_AGGRESSIVE;
				CLANG_WARN_UNREACHABLE_CODE = YES;
				CLANG_WARN__DUPLICATE_METHOD_MATCH = YES;
				CODE_SIGN_IDENTITY = "iPhone Developer";
				COPY_PHASE_STRIP = NO;
				DEBUG_INFORMATION_FORMAT = "dwarf-with-dsym";
				ENABLE_NS_ASSERTIONS = NO;
				ENABLE_STRICT_OBJC_MSGSEND = YES;
				GCC_C_LANGUAGE_STANDARD = gnu11;
				GCC_NO_COMMON_BLOCKS = YES;
				GCC_WARN_64_TO_32_BIT_CONVERSION = YES;
				GCC_WARN_ABOUT_RETURN_TYPE = YES_ERROR;
				GCC_WARN_UNDECLARED_SELECTOR = YES;
				GCC_WARN_UNINITIALIZED_AUTOS = YES_AGGRESSIVE;
				GCC_WARN_UNUSED_FUNCTION = YES;
				GCC_WARN_UNUSED_VARIABLE = YES;
				IPHONEOS_DEPLOYMENT_TARGET = 12.1;
				MTL_ENABLE_DEBUG_INFO = NO;
				MTL_FAST_MATH = YES;
				SDKROOT = iphoneos;
				SWIFT_COMPILATION_MODE = wholemodule;
				SWIFT_OPTIMIZATION_LEVEL = "-O";
				VALIDATE_PRODUCT = YES;
			};
			name = Release;
		};
		FC951A4C21B0301E00ABF0E1 /* Debug */ = {
			isa = XCBuildConfiguration;
			baseConfigurationReference = E39458703E2E11F171880B5C /* Pods-PhotoViewer.debug.xcconfig */;
			buildSettings = {
				ASSETCATALOG_COMPILER_APPICON_NAME = AppIcon;
				CODE_SIGN_STYLE = Automatic;
				DEVELOPMENT_TEAM = KXWH4SC5H2;
				INFOPLIST_FILE = PhotoViewer/Info.plist;
				IPHONEOS_DEPLOYMENT_TARGET = 11.3;
				LD_RUNPATH_SEARCH_PATHS = (
					"$(inherited)",
					"@executable_path/Frameworks",
				);
				PRODUCT_BUNDLE_IDENTIFIER = vitormesquita.PhotoViewer;
				PRODUCT_NAME = "$(TARGET_NAME)";
				SWIFT_VERSION = 5.0;
				TARGETED_DEVICE_FAMILY = "1,2";
			};
			name = Debug;
		};
		FC951A4D21B0301E00ABF0E1 /* Release */ = {
			isa = XCBuildConfiguration;
			baseConfigurationReference = FE29173F403FC55E931D2CC4 /* Pods-PhotoViewer.release.xcconfig */;
			buildSettings = {
				ASSETCATALOG_COMPILER_APPICON_NAME = AppIcon;
				CODE_SIGN_STYLE = Automatic;
				DEVELOPMENT_TEAM = KXWH4SC5H2;
				INFOPLIST_FILE = PhotoViewer/Info.plist;
				IPHONEOS_DEPLOYMENT_TARGET = 11.3;
				LD_RUNPATH_SEARCH_PATHS = (
					"$(inherited)",
					"@executable_path/Frameworks",
				);
				PRODUCT_BUNDLE_IDENTIFIER = vitormesquita.PhotoViewer;
				PRODUCT_NAME = "$(TARGET_NAME)";
				SWIFT_VERSION = 5.0;
				TARGETED_DEVICE_FAMILY = "1,2";
			};
			name = Release;
		};
/* End XCBuildConfiguration section */

/* Begin XCConfigurationList section */
		6485607923B1463800C6A0D2 /* Build configuration list for PBXNativeTarget "PhotoViewerTests" */ = {
			isa = XCConfigurationList;
			buildConfigurations = (
				6485607A23B1463800C6A0D2 /* Debug */,
				6485607B23B1463800C6A0D2 /* Release */,
			);
			defaultConfigurationIsVisible = 0;
			defaultConfigurationName = Release;
		};
		FC951A3421B0301D00ABF0E1 /* Build configuration list for PBXProject "PhotoViewer" */ = {
			isa = XCConfigurationList;
			buildConfigurations = (
				FC951A4921B0301E00ABF0E1 /* Debug */,
				FC951A4A21B0301E00ABF0E1 /* Release */,
			);
			defaultConfigurationIsVisible = 0;
			defaultConfigurationName = Release;
		};
		FC951A4B21B0301E00ABF0E1 /* Build configuration list for PBXNativeTarget "PhotoViewer" */ = {
			isa = XCConfigurationList;
			buildConfigurations = (
				FC951A4C21B0301E00ABF0E1 /* Debug */,
				FC951A4D21B0301E00ABF0E1 /* Release */,
			);
			defaultConfigurationIsVisible = 0;
			defaultConfigurationName = Release;
		};
/* End XCConfigurationList section */
	};
	rootObject = FC951A3121B0301D00ABF0E1 /* Project object */;
}
