// !$*UTF8*$!
{
	archiveVersion = 1;
	classes = {
	};
	objectVersion = 50;
	objects = {

/* Begin PBXBuildFile section */
		009ECDEB0B1721FE5C627C94 /* Pods_PhotoViewer.framework in Frameworks */ = {isa = PBXBuildFile; fileRef = BC504652ADFD77205FB468ED /* Pods_PhotoViewer.framework */; };
		FC2F561E21B16C6A00C2D51C /* ImageDownloader.swift in Sources */ = {isa = PBXBuildFile; fileRef = FC2F561D21B16C6A00C2D51C /* ImageDownloader.swift */; };
		FC2F562121B190D100C2D51C /* PhotosHeaderView.swift in Sources */ = {isa = PBXBuildFile; fileRef = FC2F562021B190D100C2D51C /* PhotosHeaderView.swift */; };
		FC2F562321B190D700C2D51C /* PhotosHeaderView.xib in Resources */ = {isa = PBXBuildFile; fileRef = FC2F562221B190D700C2D51C /* PhotosHeaderView.xib */; };
		FC2F562621B1BFDC00C2D51C /* SearchPhotosPresenter.swift in Sources */ = {isa = PBXBuildFile; fileRef = FC2F562521B1BFDC00C2D51C /* SearchPhotosPresenter.swift */; };
		FC2F562821B1BFEB00C2D51C /* SearchPhotosViewController.swift in Sources */ = {isa = PBXBuildFile; fileRef = FC2F562721B1BFEB00C2D51C /* SearchPhotosViewController.swift */; };
		FC2F562A21B1BFFC00C2D51C /* SearchPhotosWireFrame.swift in Sources */ = {isa = PBXBuildFile; fileRef = FC2F562921B1BFFC00C2D51C /* SearchPhotosWireFrame.swift */; };
		FC2F562C21B1C00E00C2D51C /* BaseCollectionViewController.swift in Sources */ = {isa = PBXBuildFile; fileRef = FC2F562B21B1C00E00C2D51C /* BaseCollectionViewController.swift */; };
		FC62F2E821B03C4500E1A7F6 /* PhotosWireFrame.swift in Sources */ = {isa = PBXBuildFile; fileRef = FC62F2E721B03C4500E1A7F6 /* PhotosWireFrame.swift */; };
		FC62F2EA21B03C9E00E1A7F6 /* PhotosViewController.swift in Sources */ = {isa = PBXBuildFile; fileRef = FC62F2E921B03C9E00E1A7F6 /* PhotosViewController.swift */; };
		FC62F2EC21B03D3A00E1A7F6 /* PhotosPresenter.swift in Sources */ = {isa = PBXBuildFile; fileRef = FC62F2EB21B03D3A00E1A7F6 /* PhotosPresenter.swift */; };
		FC62F2EF21B0413500E1A7F6 /* APITarget.swift in Sources */ = {isa = PBXBuildFile; fileRef = FC62F2EE21B0413500E1A7F6 /* APITarget.swift */; };
		FC62F2F121B0414700E1A7F6 /* APIClient.swift in Sources */ = {isa = PBXBuildFile; fileRef = FC62F2F021B0414700E1A7F6 /* APIClient.swift */; };
		FC62F2F421B0441100E1A7F6 /* PhotoAPI.swift in Sources */ = {isa = PBXBuildFile; fileRef = FC62F2F321B0441100E1A7F6 /* PhotoAPI.swift */; };
		FC62F2F821B06BB000E1A7F6 /* PictureAPI.swift in Sources */ = {isa = PBXBuildFile; fileRef = FC62F2F721B06BB000E1A7F6 /* PictureAPI.swift */; };
		FC62F2FB21B07DC000E1A7F6 /* Single+Codable.swift in Sources */ = {isa = PBXBuildFile; fileRef = FC62F2FA21B07DC000E1A7F6 /* Single+Codable.swift */; };
		FC62F2FD21B07F6B00E1A7F6 /* Response+Codable.swift in Sources */ = {isa = PBXBuildFile; fileRef = FC62F2FC21B07F6B00E1A7F6 /* Response+Codable.swift */; };
		FC62F30121B0820D00E1A7F6 /* PhotoCollectionViewCell.swift in Sources */ = {isa = PBXBuildFile; fileRef = FC62F2FF21B0820D00E1A7F6 /* PhotoCollectionViewCell.swift */; };
		FC62F30221B0820D00E1A7F6 /* PhotoCollectionViewCell.xib in Resources */ = {isa = PBXBuildFile; fileRef = FC62F30021B0820D00E1A7F6 /* PhotoCollectionViewCell.xib */; };
		FC62F30421B099E700E1A7F6 /* BaseCollectionViewCell.swift in Sources */ = {isa = PBXBuildFile; fileRef = FC62F30321B099E700E1A7F6 /* BaseCollectionViewCell.swift */; };
		FC62F30721B09DA000E1A7F6 /* BaseInteractor.swift in Sources */ = {isa = PBXBuildFile; fileRef = FC62F30621B09DA000E1A7F6 /* BaseInteractor.swift */; };
		FC62F30921B09DC800E1A7F6 /* PhotosInteractor.swift in Sources */ = {isa = PBXBuildFile; fileRef = FC62F30821B09DC800E1A7F6 /* PhotosInteractor.swift */; };
		FC62F30C21B09F3100E1A7F6 /* BaseRepository.swift in Sources */ = {isa = PBXBuildFile; fileRef = FC62F30B21B09F3100E1A7F6 /* BaseRepository.swift */; };
		FC62F30E21B09F6600E1A7F6 /* PhotoRepository.swift in Sources */ = {isa = PBXBuildFile; fileRef = FC62F30D21B09F6600E1A7F6 /* PhotoRepository.swift */; };
		FC62F31121B09FFB00E1A7F6 /* RequestResponse.swift in Sources */ = {isa = PBXBuildFile; fileRef = FC62F31021B09FFB00E1A7F6 /* RequestResponse.swift */; };
		FC62F31421B0A05200E1A7F6 /* Photo.swift in Sources */ = {isa = PBXBuildFile; fileRef = FC62F31321B0A05200E1A7F6 /* Photo.swift */; };
		FC62F31621B0A08D00E1A7F6 /* Picture.swift in Sources */ = {isa = PBXBuildFile; fileRef = FC62F31521B0A08D00E1A7F6 /* Picture.swift */; };
		FC62F31821B0A4D500E1A7F6 /* PhotoCollectionViewModel.swift in Sources */ = {isa = PBXBuildFile; fileRef = FC62F31721B0A4D500E1A7F6 /* PhotoCollectionViewModel.swift */; };
		FC62F32021B0C4AC00E1A7F6 /* UserAPI.swift in Sources */ = {isa = PBXBuildFile; fileRef = FC62F31F21B0C4AC00E1A7F6 /* UserAPI.swift */; };
		FC62F32221B0C58200E1A7F6 /* User.swift in Sources */ = {isa = PBXBuildFile; fileRef = FC62F32121B0C58200E1A7F6 /* User.swift */; };
		FC62F32421B0CB4B00E1A7F6 /* ScrollView+InfiniteScroll.swift in Sources */ = {isa = PBXBuildFile; fileRef = FC62F32321B0CB4B00E1A7F6 /* ScrollView+InfiniteScroll.swift */; };
		FC62F32721B0CB9500E1A7F6 /* InifiteScrollView.swift in Sources */ = {isa = PBXBuildFile; fileRef = FC62F32621B0CB9500E1A7F6 /* InifiteScrollView.swift */; };
		FC951A3D21B0301D00ABF0E1 /* AppDelegate.swift in Sources */ = {isa = PBXBuildFile; fileRef = FC951A3C21B0301D00ABF0E1 /* AppDelegate.swift */; };
		FC951A4421B0301E00ABF0E1 /* Assets.xcassets in Resources */ = {isa = PBXBuildFile; fileRef = FC951A4321B0301E00ABF0E1 /* Assets.xcassets */; };
		FC951A4721B0301E00ABF0E1 /* LaunchScreen.storyboard in Resources */ = {isa = PBXBuildFile; fileRef = FC951A4521B0301E00ABF0E1 /* LaunchScreen.storyboard */; };
		FC951A5621B0353F00ABF0E1 /* BaseWireFrame.swift in Sources */ = {isa = PBXBuildFile; fileRef = FC951A5521B0353F00ABF0E1 /* BaseWireFrame.swift */; };
		FC951A5821B0354D00ABF0E1 /* BaseViewController.swift in Sources */ = {isa = PBXBuildFile; fileRef = FC951A5721B0354D00ABF0E1 /* BaseViewController.swift */; };
		FC951A5A21B0355B00ABF0E1 /* BasePresenter.swift in Sources */ = {isa = PBXBuildFile; fileRef = FC951A5921B0355B00ABF0E1 /* BasePresenter.swift */; };
		FCBBF65E21B1EBB800EFC595 /* Extensions.swift in Sources */ = {isa = PBXBuildFile; fileRef = FCBBF65D21B1EBB800EFC595 /* Extensions.swift */; };
		FCBBF66021B1F5A400EFC595 /* SearchPhotoInteractor.swift in Sources */ = {isa = PBXBuildFile; fileRef = FCBBF65F21B1F5A400EFC595 /* SearchPhotoInteractor.swift */; };
		FCBBF66221B1F7F600EFC595 /* SearchPhotoResultAPI.swift in Sources */ = {isa = PBXBuildFile; fileRef = FCBBF66121B1F7F600EFC595 /* SearchPhotoResultAPI.swift */; };
/* End PBXBuildFile section */

/* Begin PBXFileReference section */
		BC504652ADFD77205FB468ED /* Pods_PhotoViewer.framework */ = {isa = PBXFileReference; explicitFileType = wrapper.framework; includeInIndex = 0; path = Pods_PhotoViewer.framework; sourceTree = BUILT_PRODUCTS_DIR; };
		E39458703E2E11F171880B5C /* Pods-PhotoViewer.debug.xcconfig */ = {isa = PBXFileReference; includeInIndex = 1; lastKnownFileType = text.xcconfig; name = "Pods-PhotoViewer.debug.xcconfig"; path = "Pods/Target Support Files/Pods-PhotoViewer/Pods-PhotoViewer.debug.xcconfig"; sourceTree = "<group>"; };
		FC2F561D21B16C6A00C2D51C /* ImageDownloader.swift */ = {isa = PBXFileReference; lastKnownFileType = sourcecode.swift; path = ImageDownloader.swift; sourceTree = "<group>"; };
		FC2F562021B190D100C2D51C /* PhotosHeaderView.swift */ = {isa = PBXFileReference; lastKnownFileType = sourcecode.swift; path = PhotosHeaderView.swift; sourceTree = "<group>"; };
		FC2F562221B190D700C2D51C /* PhotosHeaderView.xib */ = {isa = PBXFileReference; lastKnownFileType = file.xib; path = PhotosHeaderView.xib; sourceTree = "<group>"; };
		FC2F562521B1BFDC00C2D51C /* SearchPhotosPresenter.swift */ = {isa = PBXFileReference; lastKnownFileType = sourcecode.swift; path = SearchPhotosPresenter.swift; sourceTree = "<group>"; };
		FC2F562721B1BFEB00C2D51C /* SearchPhotosViewController.swift */ = {isa = PBXFileReference; lastKnownFileType = sourcecode.swift; path = SearchPhotosViewController.swift; sourceTree = "<group>"; };
		FC2F562921B1BFFC00C2D51C /* SearchPhotosWireFrame.swift */ = {isa = PBXFileReference; lastKnownFileType = sourcecode.swift; path = SearchPhotosWireFrame.swift; sourceTree = "<group>"; };
		FC2F562B21B1C00E00C2D51C /* BaseCollectionViewController.swift */ = {isa = PBXFileReference; lastKnownFileType = sourcecode.swift; path = BaseCollectionViewController.swift; sourceTree = "<group>"; };
		FC62F2E721B03C4500E1A7F6 /* PhotosWireFrame.swift */ = {isa = PBXFileReference; lastKnownFileType = sourcecode.swift; path = PhotosWireFrame.swift; sourceTree = "<group>"; };
		FC62F2E921B03C9E00E1A7F6 /* PhotosViewController.swift */ = {isa = PBXFileReference; lastKnownFileType = sourcecode.swift; path = PhotosViewController.swift; sourceTree = "<group>"; };
		FC62F2EB21B03D3A00E1A7F6 /* PhotosPresenter.swift */ = {isa = PBXFileReference; lastKnownFileType = sourcecode.swift; path = PhotosPresenter.swift; sourceTree = "<group>"; };
		FC62F2EE21B0413500E1A7F6 /* APITarget.swift */ = {isa = PBXFileReference; lastKnownFileType = sourcecode.swift; path = APITarget.swift; sourceTree = "<group>"; };
		FC62F2F021B0414700E1A7F6 /* APIClient.swift */ = {isa = PBXFileReference; lastKnownFileType = sourcecode.swift; path = APIClient.swift; sourceTree = "<group>"; };
		FC62F2F321B0441100E1A7F6 /* PhotoAPI.swift */ = {isa = PBXFileReference; lastKnownFileType = sourcecode.swift; path = PhotoAPI.swift; sourceTree = "<group>"; };
		FC62F2F721B06BB000E1A7F6 /* PictureAPI.swift */ = {isa = PBXFileReference; lastKnownFileType = sourcecode.swift; path = PictureAPI.swift; sourceTree = "<group>"; };
		FC62F2FA21B07DC000E1A7F6 /* Single+Codable.swift */ = {isa = PBXFileReference; lastKnownFileType = sourcecode.swift; path = "Single+Codable.swift"; sourceTree = "<group>"; };
		FC62F2FC21B07F6B00E1A7F6 /* Response+Codable.swift */ = {isa = PBXFileReference; lastKnownFileType = sourcecode.swift; path = "Response+Codable.swift"; sourceTree = "<group>"; };
		FC62F2FF21B0820D00E1A7F6 /* PhotoCollectionViewCell.swift */ = {isa = PBXFileReference; lastKnownFileType = sourcecode.swift; path = PhotoCollectionViewCell.swift; sourceTree = "<group>"; };
		FC62F30021B0820D00E1A7F6 /* PhotoCollectionViewCell.xib */ = {isa = PBXFileReference; lastKnownFileType = file.xib; path = PhotoCollectionViewCell.xib; sourceTree = "<group>"; };
		FC62F30321B099E700E1A7F6 /* BaseCollectionViewCell.swift */ = {isa = PBXFileReference; lastKnownFileType = sourcecode.swift; path = BaseCollectionViewCell.swift; sourceTree = "<group>"; };
		FC62F30621B09DA000E1A7F6 /* BaseInteractor.swift */ = {isa = PBXFileReference; lastKnownFileType = sourcecode.swift; path = BaseInteractor.swift; sourceTree = "<group>"; };
		FC62F30821B09DC800E1A7F6 /* PhotosInteractor.swift */ = {isa = PBXFileReference; lastKnownFileType = sourcecode.swift; path = PhotosInteractor.swift; sourceTree = "<group>"; };
		FC62F30B21B09F3100E1A7F6 /* BaseRepository.swift */ = {isa = PBXFileReference; lastKnownFileType = sourcecode.swift; path = BaseRepository.swift; sourceTree = "<group>"; };
		FC62F30D21B09F6600E1A7F6 /* PhotoRepository.swift */ = {isa = PBXFileReference; lastKnownFileType = sourcecode.swift; path = PhotoRepository.swift; sourceTree = "<group>"; };
		FC62F31021B09FFB00E1A7F6 /* RequestResponse.swift */ = {isa = PBXFileReference; lastKnownFileType = sourcecode.swift; path = RequestResponse.swift; sourceTree = "<group>"; };
		FC62F31321B0A05200E1A7F6 /* Photo.swift */ = {isa = PBXFileReference; lastKnownFileType = sourcecode.swift; path = Photo.swift; sourceTree = "<group>"; };
		FC62F31521B0A08D00E1A7F6 /* Picture.swift */ = {isa = PBXFileReference; lastKnownFileType = sourcecode.swift; path = Picture.swift; sourceTree = "<group>"; };
		FC62F31721B0A4D500E1A7F6 /* PhotoCollectionViewModel.swift */ = {isa = PBXFileReference; lastKnownFileType = sourcecode.swift; path = PhotoCollectionViewModel.swift; sourceTree = "<group>"; };
		FC62F31F21B0C4AC00E1A7F6 /* UserAPI.swift */ = {isa = PBXFileReference; lastKnownFileType = sourcecode.swift; path = UserAPI.swift; sourceTree = "<group>"; };
		FC62F32121B0C58200E1A7F6 /* User.swift */ = {isa = PBXFileReference; lastKnownFileType = sourcecode.swift; path = User.swift; sourceTree = "<group>"; };
		FC62F32321B0CB4B00E1A7F6 /* ScrollView+InfiniteScroll.swift */ = {isa = PBXFileReference; lastKnownFileType = sourcecode.swift; path = "ScrollView+InfiniteScroll.swift"; sourceTree = "<group>"; };
		FC62F32621B0CB9500E1A7F6 /* InifiteScrollView.swift */ = {isa = PBXFileReference; lastKnownFileType = sourcecode.swift; path = InifiteScrollView.swift; sourceTree = "<group>"; };
		FC951A3921B0301D00ABF0E1 /* PhotoViewer.app */ = {isa = PBXFileReference; explicitFileType = wrapper.application; includeInIndex = 0; path = PhotoViewer.app; sourceTree = BUILT_PRODUCTS_DIR; };
		FC951A3C21B0301D00ABF0E1 /* AppDelegate.swift */ = {isa = PBXFileReference; lastKnownFileType = sourcecode.swift; path = AppDelegate.swift; sourceTree = "<group>"; };
		FC951A4321B0301E00ABF0E1 /* Assets.xcassets */ = {isa = PBXFileReference; lastKnownFileType = folder.assetcatalog; path = Assets.xcassets; sourceTree = "<group>"; };
		FC951A4621B0301E00ABF0E1 /* Base */ = {isa = PBXFileReference; lastKnownFileType = file.storyboard; name = Base; path = Base.lproj/LaunchScreen.storyboard; sourceTree = "<group>"; };
		FC951A4821B0301E00ABF0E1 /* Info.plist */ = {isa = PBXFileReference; lastKnownFileType = text.plist.xml; path = Info.plist; sourceTree = "<group>"; };
		FC951A5521B0353F00ABF0E1 /* BaseWireFrame.swift */ = {isa = PBXFileReference; lastKnownFileType = sourcecode.swift; path = BaseWireFrame.swift; sourceTree = "<group>"; };
		FC951A5721B0354D00ABF0E1 /* BaseViewController.swift */ = {isa = PBXFileReference; lastKnownFileType = sourcecode.swift; path = BaseViewController.swift; sourceTree = "<group>"; };
		FC951A5921B0355B00ABF0E1 /* BasePresenter.swift */ = {isa = PBXFileReference; lastKnownFileType = sourcecode.swift; path = BasePresenter.swift; sourceTree = "<group>"; };
		FCBBF65D21B1EBB800EFC595 /* Extensions.swift */ = {isa = PBXFileReference; lastKnownFileType = sourcecode.swift; path = Extensions.swift; sourceTree = "<group>"; };
		FCBBF65F21B1F5A400EFC595 /* SearchPhotoInteractor.swift */ = {isa = PBXFileReference; lastKnownFileType = sourcecode.swift; path = SearchPhotoInteractor.swift; sourceTree = "<group>"; };
		FCBBF66121B1F7F600EFC595 /* SearchPhotoResultAPI.swift */ = {isa = PBXFileReference; lastKnownFileType = sourcecode.swift; path = SearchPhotoResultAPI.swift; sourceTree = "<group>"; };
		FE29173F403FC55E931D2CC4 /* Pods-PhotoViewer.release.xcconfig */ = {isa = PBXFileReference; includeInIndex = 1; lastKnownFileType = text.xcconfig; name = "Pods-PhotoViewer.release.xcconfig"; path = "Pods/Target Support Files/Pods-PhotoViewer/Pods-PhotoViewer.release.xcconfig"; sourceTree = "<group>"; };
/* End PBXFileReference section */

/* Begin PBXFrameworksBuildPhase section */
		FC951A3621B0301D00ABF0E1 /* Frameworks */ = {
			isa = PBXFrameworksBuildPhase;
			buildActionMask = 2147483647;
			files = (
				009ECDEB0B1721FE5C627C94 /* Pods_PhotoViewer.framework in Frameworks */,
			);
			runOnlyForDeploymentPostprocessing = 0;
		};
/* End PBXFrameworksBuildPhase section */

/* Begin PBXGroup section */
		6D34F7E9F15F935A0BAE192D /* Pods */ = {
			isa = PBXGroup;
			children = (
				E39458703E2E11F171880B5C /* Pods-PhotoViewer.debug.xcconfig */,
				FE29173F403FC55E931D2CC4 /* Pods-PhotoViewer.release.xcconfig */,
			);
			name = Pods;
			sourceTree = "<group>";
		};
		963A49A124387FF8BAD2E14F /* Frameworks */ = {
			isa = PBXGroup;
			children = (
				BC504652ADFD77205FB468ED /* Pods_PhotoViewer.framework */,
			);
			name = Frameworks;
			sourceTree = "<group>";
		};
		FC2F561F21B1750300C2D51C /* view */ = {
			isa = PBXGroup;
			children = (
				FC2F562021B190D100C2D51C /* PhotosHeaderView.swift */,
				FC2F562221B190D700C2D51C /* PhotosHeaderView.xib */,
			);
			path = view;
			sourceTree = "<group>";
		};
		FC2F562421B1BFC000C2D51C /* searchPhotos */ = {
			isa = PBXGroup;
			children = (
				FC2F562521B1BFDC00C2D51C /* SearchPhotosPresenter.swift */,
				FC2F562721B1BFEB00C2D51C /* SearchPhotosViewController.swift */,
				FC2F562921B1BFFC00C2D51C /* SearchPhotosWireFrame.swift */,
			);
			path = searchPhotos;
			sourceTree = "<group>";
		};
		FC2F562D21B1C0CA00C2D51C /* photo */ = {
			isa = PBXGroup;
			children = (
				FC62F31721B0A4D500E1A7F6 /* PhotoCollectionViewModel.swift */,
				FC62F2FF21B0820D00E1A7F6 /* PhotoCollectionViewCell.swift */,
				FC62F30021B0820D00E1A7F6 /* PhotoCollectionViewCell.xib */,
			);
			path = photo;
			sourceTree = "<group>";
		};
		FC62F2ED21B0411C00E1A7F6 /* api */ = {
			isa = PBXGroup;
			children = (
				FC62F2EE21B0413500E1A7F6 /* APITarget.swift */,
				FC62F2F021B0414700E1A7F6 /* APIClient.swift */,
			);
			path = api;
			sourceTree = "<group>";
		};
		FC62F2F221B043EF00E1A7F6 /* entities */ = {
			isa = PBXGroup;
			children = (
				FC62F2F321B0441100E1A7F6 /* PhotoAPI.swift */,
				FC62F2F721B06BB000E1A7F6 /* PictureAPI.swift */,
				FC62F31F21B0C4AC00E1A7F6 /* UserAPI.swift */,
				FCBBF66121B1F7F600EFC595 /* SearchPhotoResultAPI.swift */,
			);
			path = entities;
			sourceTree = "<group>";
		};
		FC62F2F921B07DA800E1A7F6 /* utils */ = {
			isa = PBXGroup;
			children = (
				FC62F2FC21B07F6B00E1A7F6 /* Response+Codable.swift */,
				FC62F2FA21B07DC000E1A7F6 /* Single+Codable.swift */,
			);
			path = utils;
			sourceTree = "<group>";
		};
		FC62F2FE21B081F700E1A7F6 /* cell */ = {
			isa = PBXGroup;
			children = (
				FC2F562D21B1C0CA00C2D51C /* photo */,
			);
			path = cell;
			sourceTree = "<group>";
		};
		FC62F30521B09D8E00E1A7F6 /* interactor */ = {
			isa = PBXGroup;
			children = (
				FC62F30621B09DA000E1A7F6 /* BaseInteractor.swift */,
				FC62F30821B09DC800E1A7F6 /* PhotosInteractor.swift */,
				FCBBF65F21B1F5A400EFC595 /* SearchPhotoInteractor.swift */,
			);
			path = interactor;
			sourceTree = "<group>";
		};
		FC62F30A21B09F1600E1A7F6 /* repositories */ = {
			isa = PBXGroup;
			children = (
				FC62F30B21B09F3100E1A7F6 /* BaseRepository.swift */,
				FC62F30D21B09F6600E1A7F6 /* PhotoRepository.swift */,
			);
			path = repositories;
			sourceTree = "<group>";
		};
		FC62F30F21B09FEF00E1A7F6 /* utils */ = {
			isa = PBXGroup;
			children = (
				FC62F31021B09FFB00E1A7F6 /* RequestResponse.swift */,
			);
			path = utils;
			sourceTree = "<group>";
		};
		FC62F31221B0A04700E1A7F6 /* models */ = {
			isa = PBXGroup;
			children = (
				FC62F31321B0A05200E1A7F6 /* Photo.swift */,
				FC62F31521B0A08D00E1A7F6 /* Picture.swift */,
				FC62F32121B0C58200E1A7F6 /* User.swift */,
			);
			path = models;
			sourceTree = "<group>";
		};
		FC62F31A21B0B1B200E1A7F6 /* utils */ = {
			isa = PBXGroup;
			children = (
				FCBBF65D21B1EBB800EFC595 /* Extensions.swift */,
				FC2F561D21B16C6A00C2D51C /* ImageDownloader.swift */,
				FC62F32321B0CB4B00E1A7F6 /* ScrollView+InfiniteScroll.swift */,
			);
			path = utils;
			sourceTree = "<group>";
		};
		FC62F32521B0CB7F00E1A7F6 /* view */ = {
			isa = PBXGroup;
			children = (
				FC62F2FE21B081F700E1A7F6 /* cell */,
				FC62F32621B0CB9500E1A7F6 /* InifiteScrollView.swift */,
			);
			path = view;
			sourceTree = "<group>";
		};
		FC951A3021B0301D00ABF0E1 = {
			isa = PBXGroup;
			children = (
				FC951A3B21B0301D00ABF0E1 /* PhotoViewer */,
				FC951A3A21B0301D00ABF0E1 /* Products */,
				6D34F7E9F15F935A0BAE192D /* Pods */,
				963A49A124387FF8BAD2E14F /* Frameworks */,
			);
			sourceTree = "<group>";
		};
		FC951A3A21B0301D00ABF0E1 /* Products */ = {
			isa = PBXGroup;
			children = (
				FC951A3921B0301D00ABF0E1 /* PhotoViewer.app */,
			);
			name = Products;
			sourceTree = "<group>";
		};
		FC951A3B21B0301D00ABF0E1 /* PhotoViewer */ = {
			isa = PBXGroup;
			children = (
				FC951A4E21B0324300ABF0E1 /* data */,
				FC951A4F21B0324800ABF0E1 /* domain */,
				FC951A5021B0324F00ABF0E1 /* presentation */,
				FC951A3C21B0301D00ABF0E1 /* AppDelegate.swift */,
				FC951A4321B0301E00ABF0E1 /* Assets.xcassets */,
				FC951A4521B0301E00ABF0E1 /* LaunchScreen.storyboard */,
				FC951A4821B0301E00ABF0E1 /* Info.plist */,
			);
			path = PhotoViewer;
			sourceTree = "<group>";
		};
		FC951A4E21B0324300ABF0E1 /* data */ = {
			isa = PBXGroup;
			children = (
				FC62F2F921B07DA800E1A7F6 /* utils */,
				FC62F2ED21B0411C00E1A7F6 /* api */,
				FC62F2F221B043EF00E1A7F6 /* entities */,
				FC62F30A21B09F1600E1A7F6 /* repositories */,
			);
			path = data;
			sourceTree = "<group>";
		};
		FC951A4F21B0324800ABF0E1 /* domain */ = {
			isa = PBXGroup;
			children = (
				FC62F30F21B09FEF00E1A7F6 /* utils */,
				FC62F31221B0A04700E1A7F6 /* models */,
				FC62F30521B09D8E00E1A7F6 /* interactor */,
			);
			path = domain;
			sourceTree = "<group>";
		};
		FC951A5021B0324F00ABF0E1 /* presentation */ = {
			isa = PBXGroup;
			children = (
				FCBBF65C21B1E73400EFC595 /* animations */,
				FC62F31A21B0B1B200E1A7F6 /* utils */,
				FC62F32521B0CB7F00E1A7F6 /* view */,
				FC951A5421B0352C00ABF0E1 /* base */,
				FC951A5121B0350400ABF0E1 /* photos */,
				FC2F562421B1BFC000C2D51C /* searchPhotos */,
			);
			path = presentation;
			sourceTree = "<group>";
		};
		FC951A5121B0350400ABF0E1 /* photos */ = {
			isa = PBXGroup;
			children = (
				FC2F561F21B1750300C2D51C /* view */,
				FC62F2EB21B03D3A00E1A7F6 /* PhotosPresenter.swift */,
				FC62F2E921B03C9E00E1A7F6 /* PhotosViewController.swift */,
				FC62F2E721B03C4500E1A7F6 /* PhotosWireFrame.swift */,
			);
			path = photos;
			sourceTree = "<group>";
		};
		FC951A5421B0352C00ABF0E1 /* base */ = {
			isa = PBXGroup;
			children = (
				FC951A5921B0355B00ABF0E1 /* BasePresenter.swift */,
				FC951A5721B0354D00ABF0E1 /* BaseViewController.swift */,
				FC951A5521B0353F00ABF0E1 /* BaseWireFrame.swift */,
				FC62F30321B099E700E1A7F6 /* BaseCollectionViewCell.swift */,
				FC2F562B21B1C00E00C2D51C /* BaseCollectionViewController.swift */,
			);
			path = base;
			sourceTree = "<group>";
		};
		FCBBF65C21B1E73400EFC595 /* animations */ = {
			isa = PBXGroup;
			children = (
			);
			path = animations;
			sourceTree = "<group>";
		};
/* End PBXGroup section */

/* Begin PBXNativeTarget section */
		FC951A3821B0301D00ABF0E1 /* PhotoViewer */ = {
			isa = PBXNativeTarget;
			buildConfigurationList = FC951A4B21B0301E00ABF0E1 /* Build configuration list for PBXNativeTarget "PhotoViewer" */;
			buildPhases = (
				B223CC8A170045D1BF8A6ADF /* [CP] Check Pods Manifest.lock */,
				FC951A3521B0301D00ABF0E1 /* Sources */,
				FC951A3621B0301D00ABF0E1 /* Frameworks */,
				FC951A3721B0301D00ABF0E1 /* Resources */,
				E33C43946636EA7D720F9173 /* [CP] Embed Pods Frameworks */,
			);
			buildRules = (
			);
			dependencies = (
			);
			name = PhotoViewer;
			productName = PhotoViewer;
			productReference = FC951A3921B0301D00ABF0E1 /* PhotoViewer.app */;
			productType = "com.apple.product-type.application";
		};
/* End PBXNativeTarget section */

/* Begin PBXProject section */
		FC951A3121B0301D00ABF0E1 /* Project object */ = {
			isa = PBXProject;
			attributes = {
				LastSwiftUpdateCheck = 1010;
				LastUpgradeCheck = 1010;
				ORGANIZATIONNAME = "Vitor Mesquita";
				TargetAttributes = {
					FC951A3821B0301D00ABF0E1 = {
						CreatedOnToolsVersion = 10.1;
					};
				};
			};
			buildConfigurationList = FC951A3421B0301D00ABF0E1 /* Build configuration list for PBXProject "PhotoViewer" */;
			compatibilityVersion = "Xcode 9.3";
			developmentRegion = en;
			hasScannedForEncodings = 0;
			knownRegions = (
				en,
				Base,
			);
			mainGroup = FC951A3021B0301D00ABF0E1;
			productRefGroup = FC951A3A21B0301D00ABF0E1 /* Products */;
			projectDirPath = "";
			projectRoot = "";
			targets = (
				FC951A3821B0301D00ABF0E1 /* PhotoViewer */,
			);
		};
/* End PBXProject section */

/* Begin PBXResourcesBuildPhase section */
		FC951A3721B0301D00ABF0E1 /* Resources */ = {
			isa = PBXResourcesBuildPhase;
			buildActionMask = 2147483647;
			files = (
				FC62F30221B0820D00E1A7F6 /* PhotoCollectionViewCell.xib in Resources */,
				FC951A4721B0301E00ABF0E1 /* LaunchScreen.storyboard in Resources */,
				FC2F562321B190D700C2D51C /* PhotosHeaderView.xib in Resources */,
				FC951A4421B0301E00ABF0E1 /* Assets.xcassets in Resources */,
			);
			runOnlyForDeploymentPostprocessing = 0;
		};
/* End PBXResourcesBuildPhase section */

/* Begin PBXShellScriptBuildPhase section */
		B223CC8A170045D1BF8A6ADF /* [CP] Check Pods Manifest.lock */ = {
			isa = PBXShellScriptBuildPhase;
			buildActionMask = 2147483647;
			files = (
			);
			inputFileListPaths = (
			);
			inputPaths = (
				"${PODS_PODFILE_DIR_PATH}/Podfile.lock",
				"${PODS_ROOT}/Manifest.lock",
			);
			name = "[CP] Check Pods Manifest.lock";
			outputFileListPaths = (
			);
			outputPaths = (
				"$(DERIVED_FILE_DIR)/Pods-PhotoViewer-checkManifestLockResult.txt",
			);
			runOnlyForDeploymentPostprocessing = 0;
			shellPath = /bin/sh;
			shellScript = "diff \"${PODS_PODFILE_DIR_PATH}/Podfile.lock\" \"${PODS_ROOT}/Manifest.lock\" > /dev/null\nif [ $? != 0 ] ; then\n    # print error to STDERR\n    echo \"error: The sandbox is not in sync with the Podfile.lock. Run 'pod install' or update your CocoaPods installation.\" >&2\n    exit 1\nfi\n# This output is used by Xcode 'outputs' to avoid re-running this script phase.\necho \"SUCCESS\" > \"${SCRIPT_OUTPUT_FILE_0}\"\n";
			showEnvVarsInLog = 0;
		};
		E33C43946636EA7D720F9173 /* [CP] Embed Pods Frameworks */ = {
			isa = PBXShellScriptBuildPhase;
			buildActionMask = 2147483647;
			files = (
			);
			inputFileListPaths = (
			);
			inputPaths = (
				"${SRCROOT}/Pods/Target Support Files/Pods-PhotoViewer/Pods-PhotoViewer-frameworks.sh",
				"${BUILT_PRODUCTS_DIR}/Alamofire/Alamofire.framework",
				"${BUILT_PRODUCTS_DIR}/INSPullToRefresh/INSPullToRefresh.framework",
				"${BUILT_PRODUCTS_DIR}/Mextension/Mextension.framework",
				"${BUILT_PRODUCTS_DIR}/Moya/Moya.framework",
				"${BUILT_PRODUCTS_DIR}/Result/Result.framework",
				"${BUILT_PRODUCTS_DIR}/RxAtomic/RxAtomic.framework",
				"${BUILT_PRODUCTS_DIR}/RxCocoa/RxCocoa.framework",
				"${BUILT_PRODUCTS_DIR}/RxSwift/RxSwift.framework",
			);
			name = "[CP] Embed Pods Frameworks";
			outputFileListPaths = (
			);
			outputPaths = (
				"${TARGET_BUILD_DIR}/${FRAMEWORKS_FOLDER_PATH}/Alamofire.framework",
				"${TARGET_BUILD_DIR}/${FRAMEWORKS_FOLDER_PATH}/INSPullToRefresh.framework",
				"${TARGET_BUILD_DIR}/${FRAMEWORKS_FOLDER_PATH}/Mextension.framework",
				"${TARGET_BUILD_DIR}/${FRAMEWORKS_FOLDER_PATH}/Moya.framework",
				"${TARGET_BUILD_DIR}/${FRAMEWORKS_FOLDER_PATH}/Result.framework",
				"${TARGET_BUILD_DIR}/${FRAMEWORKS_FOLDER_PATH}/RxAtomic.framework",
				"${TARGET_BUILD_DIR}/${FRAMEWORKS_FOLDER_PATH}/RxCocoa.framework",
				"${TARGET_BUILD_DIR}/${FRAMEWORKS_FOLDER_PATH}/RxSwift.framework",
			);
			runOnlyForDeploymentPostprocessing = 0;
			shellPath = /bin/sh;
			shellScript = "\"${SRCROOT}/Pods/Target Support Files/Pods-PhotoViewer/Pods-PhotoViewer-frameworks.sh\"\n";
			showEnvVarsInLog = 0;
		};
/* End PBXShellScriptBuildPhase section */

/* Begin PBXSourcesBuildPhase section */
		FC951A3521B0301D00ABF0E1 /* Sources */ = {
			isa = PBXSourcesBuildPhase;
			buildActionMask = 2147483647;
			files = (
				FC62F32221B0C58200E1A7F6 /* User.swift in Sources */,
				FC62F31821B0A4D500E1A7F6 /* PhotoCollectionViewModel.swift in Sources */,
				FC62F31421B0A05200E1A7F6 /* Photo.swift in Sources */,
				FC62F2E821B03C4500E1A7F6 /* PhotosWireFrame.swift in Sources */,
				FC951A5621B0353F00ABF0E1 /* BaseWireFrame.swift in Sources */,
				FC62F2FB21B07DC000E1A7F6 /* Single+Codable.swift in Sources */,
				FC951A5A21B0355B00ABF0E1 /* BasePresenter.swift in Sources */,
				FC62F2F421B0441100E1A7F6 /* PhotoAPI.swift in Sources */,
				FC62F32721B0CB9500E1A7F6 /* InifiteScrollView.swift in Sources */,
				FC62F30921B09DC800E1A7F6 /* PhotosInteractor.swift in Sources */,
				FC2F561E21B16C6A00C2D51C /* ImageDownloader.swift in Sources */,
				FC2F562A21B1BFFC00C2D51C /* SearchPhotosWireFrame.swift in Sources */,
				FC62F30721B09DA000E1A7F6 /* BaseInteractor.swift in Sources */,
				FC2F562821B1BFEB00C2D51C /* SearchPhotosViewController.swift in Sources */,
				FCBBF66221B1F7F600EFC595 /* SearchPhotoResultAPI.swift in Sources */,
				FC62F32421B0CB4B00E1A7F6 /* ScrollView+InfiniteScroll.swift in Sources */,
				FC62F30421B099E700E1A7F6 /* BaseCollectionViewCell.swift in Sources */,
				FC62F31121B09FFB00E1A7F6 /* RequestResponse.swift in Sources */,
				FC62F2FD21B07F6B00E1A7F6 /* Response+Codable.swift in Sources */,
				FC62F2EF21B0413500E1A7F6 /* APITarget.swift in Sources */,
				FC62F30E21B09F6600E1A7F6 /* PhotoRepository.swift in Sources */,
				FC62F2F821B06BB000E1A7F6 /* PictureAPI.swift in Sources */,
				FC62F31621B0A08D00E1A7F6 /* Picture.swift in Sources */,
				FC62F2EA21B03C9E00E1A7F6 /* PhotosViewController.swift in Sources */,
				FCBBF66021B1F5A400EFC595 /* SearchPhotoInteractor.swift in Sources */,
				FC62F30C21B09F3100E1A7F6 /* BaseRepository.swift in Sources */,
				FC951A5821B0354D00ABF0E1 /* BaseViewController.swift in Sources */,
				FC2F562121B190D100C2D51C /* PhotosHeaderView.swift in Sources */,
				FC62F2EC21B03D3A00E1A7F6 /* PhotosPresenter.swift in Sources */,
				FC2F562621B1BFDC00C2D51C /* SearchPhotosPresenter.swift in Sources */,
				FC62F30121B0820D00E1A7F6 /* PhotoCollectionViewCell.swift in Sources */,
				FC951A3D21B0301D00ABF0E1 /* AppDelegate.swift in Sources */,
				FC2F562C21B1C00E00C2D51C /* BaseCollectionViewController.swift in Sources */,
				FCBBF65E21B1EBB800EFC595 /* Extensions.swift in Sources */,
				FC62F32021B0C4AC00E1A7F6 /* UserAPI.swift in Sources */,
				FC62F2F121B0414700E1A7F6 /* APIClient.swift in Sources */,
			);
			runOnlyForDeploymentPostprocessing = 0;
		};
/* End PBXSourcesBuildPhase section */

/* Begin PBXVariantGroup section */
		FC951A4521B0301E00ABF0E1 /* LaunchScreen.storyboard */ = {
			isa = PBXVariantGroup;
			children = (
				FC951A4621B0301E00ABF0E1 /* Base */,
			);
			name = LaunchScreen.storyboard;
			sourceTree = "<group>";
		};
/* End PBXVariantGroup section */

/* Begin XCBuildConfiguration section */
		FC951A4921B0301E00ABF0E1 /* Debug */ = {
			isa = XCBuildConfiguration;
			buildSettings = {
				ALWAYS_SEARCH_USER_PATHS = NO;
				CLANG_ANALYZER_NONNULL = YES;
				CLANG_ANALYZER_NUMBER_OBJECT_CONVERSION = YES_AGGRESSIVE;
				CLANG_CXX_LANGUAGE_STANDARD = "gnu++14";
				CLANG_CXX_LIBRARY = "libc++";
				CLANG_ENABLE_MODULES = YES;
				CLANG_ENABLE_OBJC_ARC = YES;
				CLANG_ENABLE_OBJC_WEAK = YES;
				CLANG_WARN_BLOCK_CAPTURE_AUTORELEASING = YES;
				CLANG_WARN_BOOL_CONVERSION = YES;
				CLANG_WARN_COMMA = YES;
				CLANG_WARN_CONSTANT_CONVERSION = YES;
				CLANG_WARN_DEPRECATED_OBJC_IMPLEMENTATIONS = YES;
				CLANG_WARN_DIRECT_OBJC_ISA_USAGE = YES_ERROR;
				CLANG_WARN_DOCUMENTATION_COMMENTS = YES;
				CLANG_WARN_EMPTY_BODY = YES;
				CLANG_WARN_ENUM_CONVERSION = YES;
				CLANG_WARN_INFINITE_RECURSION = YES;
				CLANG_WARN_INT_CONVERSION = YES;
				CLANG_WARN_NON_LITERAL_NULL_CONVERSION = YES;
				CLANG_WARN_OBJC_IMPLICIT_RETAIN_SELF = YES;
				CLANG_WARN_OBJC_LITERAL_CONVERSION = YES;
				CLANG_WARN_OBJC_ROOT_CLASS = YES_ERROR;
				CLANG_WARN_RANGE_LOOP_ANALYSIS = YES;
				CLANG_WARN_STRICT_PROTOTYPES = YES;
				CLANG_WARN_SUSPICIOUS_MOVE = YES;
				CLANG_WARN_UNGUARDED_AVAILABILITY = YES_AGGRESSIVE;
				CLANG_WARN_UNREACHABLE_CODE = YES;
				CLANG_WARN__DUPLICATE_METHOD_MATCH = YES;
				CODE_SIGN_IDENTITY = "iPhone Developer";
				COPY_PHASE_STRIP = NO;
				DEBUG_INFORMATION_FORMAT = dwarf;
				ENABLE_STRICT_OBJC_MSGSEND = YES;
				ENABLE_TESTABILITY = YES;
				GCC_C_LANGUAGE_STANDARD = gnu11;
				GCC_DYNAMIC_NO_PIC = NO;
				GCC_NO_COMMON_BLOCKS = YES;
				GCC_OPTIMIZATION_LEVEL = 0;
				GCC_PREPROCESSOR_DEFINITIONS = (
					"DEBUG=1",
					"$(inherited)",
				);
				GCC_WARN_64_TO_32_BIT_CONVERSION = YES;
				GCC_WARN_ABOUT_RETURN_TYPE = YES_ERROR;
				GCC_WARN_UNDECLARED_SELECTOR = YES;
				GCC_WARN_UNINITIALIZED_AUTOS = YES_AGGRESSIVE;
				GCC_WARN_UNUSED_FUNCTION = YES;
				GCC_WARN_UNUSED_VARIABLE = YES;
				IPHONEOS_DEPLOYMENT_TARGET = 12.1;
				MTL_ENABLE_DEBUG_INFO = INCLUDE_SOURCE;
				MTL_FAST_MATH = YES;
				ONLY_ACTIVE_ARCH = YES;
				SDKROOT = iphoneos;
				SWIFT_ACTIVE_COMPILATION_CONDITIONS = DEBUG;
				SWIFT_OPTIMIZATION_LEVEL = "-Onone";
			};
			name = Debug;
		};
		FC951A4A21B0301E00ABF0E1 /* Release */ = {
			isa = XCBuildConfiguration;
			buildSettings = {
				ALWAYS_SEARCH_USER_PATHS = NO;
				CLANG_ANALYZER_NONNULL = YES;
				CLANG_ANALYZER_NUMBER_OBJECT_CONVERSION = YES_AGGRESSIVE;
				CLANG_CXX_LANGUAGE_STANDARD = "gnu++14";
				CLANG_CXX_LIBRARY = "libc++";
				CLANG_ENABLE_MODULES = YES;
				CLANG_ENABLE_OBJC_ARC = YES;
				CLANG_ENABLE_OBJC_WEAK = YES;
				CLANG_WARN_BLOCK_CAPTURE_AUTORELEASING = YES;
				CLANG_WARN_BOOL_CONVERSION = YES;
				CLANG_WARN_COMMA = YES;
				CLANG_WARN_CONSTANT_CONVERSION = YES;
				CLANG_WARN_DEPRECATED_OBJC_IMPLEMENTATIONS = YES;
				CLANG_WARN_DIRECT_OBJC_ISA_USAGE = YES_ERROR;
				CLANG_WARN_DOCUMENTATION_COMMENTS = YES;
				CLANG_WARN_EMPTY_BODY = YES;
				CLANG_WARN_ENUM_CONVERSION = YES;
				CLANG_WARN_INFINITE_RECURSION = YES;
				CLANG_WARN_INT_CONVERSION = YES;
				CLANG_WARN_NON_LITERAL_NULL_CONVERSION = YES;
				CLANG_WARN_OBJC_IMPLICIT_RETAIN_SELF = YES;
				CLANG_WARN_OBJC_LITERAL_CONVERSION = YES;
				CLANG_WARN_OBJC_ROOT_CLASS = YES_ERROR;
				CLANG_WARN_RANGE_LOOP_ANALYSIS = YES;
				CLANG_WARN_STRICT_PROTOTYPES = YES;
				CLANG_WARN_SUSPICIOUS_MOVE = YES;
				CLANG_WARN_UNGUARDED_AVAILABILITY = YES_AGGRESSIVE;
				CLANG_WARN_UNREACHABLE_CODE = YES;
				CLANG_WARN__DUPLICATE_METHOD_MATCH = YES;
				CODE_SIGN_IDENTITY = "iPhone Developer";
				COPY_PHASE_STRIP = NO;
				DEBUG_INFORMATION_FORMAT = "dwarf-with-dsym";
				ENABLE_NS_ASSERTIONS = NO;
				ENABLE_STRICT_OBJC_MSGSEND = YES;
				GCC_C_LANGUAGE_STANDARD = gnu11;
				GCC_NO_COMMON_BLOCKS = YES;
				GCC_WARN_64_TO_32_BIT_CONVERSION = YES;
				GCC_WARN_ABOUT_RETURN_TYPE = YES_ERROR;
				GCC_WARN_UNDECLARED_SELECTOR = YES;
				GCC_WARN_UNINITIALIZED_AUTOS = YES_AGGRESSIVE;
				GCC_WARN_UNUSED_FUNCTION = YES;
				GCC_WARN_UNUSED_VARIABLE = YES;
				IPHONEOS_DEPLOYMENT_TARGET = 12.1;
				MTL_ENABLE_DEBUG_INFO = NO;
				MTL_FAST_MATH = YES;
				SDKROOT = iphoneos;
				SWIFT_COMPILATION_MODE = wholemodule;
				SWIFT_OPTIMIZATION_LEVEL = "-O";
				VALIDATE_PRODUCT = YES;
			};
			name = Release;
		};
		FC951A4C21B0301E00ABF0E1 /* Debug */ = {
			isa = XCBuildConfiguration;
			baseConfigurationReference = E39458703E2E11F171880B5C /* Pods-PhotoViewer.debug.xcconfig */;
			buildSettings = {
				ASSETCATALOG_COMPILER_APPICON_NAME = AppIcon;
				CODE_SIGN_STYLE = Automatic;
				DEVELOPMENT_TEAM = KXWH4SC5H2;
				INFOPLIST_FILE = PhotoViewer/Info.plist;
				IPHONEOS_DEPLOYMENT_TARGET = 11.3;
				LD_RUNPATH_SEARCH_PATHS = (
					"$(inherited)",
					"@executable_path/Frameworks",
				);
				PRODUCT_BUNDLE_IDENTIFIER = vitormesquita.PhotoViewer;
				PRODUCT_NAME = "$(TARGET_NAME)";
				SWIFT_VERSION = 4.2;
				TARGETED_DEVICE_FAMILY = "1,2";
			};
			name = Debug;
		};
		FC951A4D21B0301E00ABF0E1 /* Release */ = {
			isa = XCBuildConfiguration;
			baseConfigurationReference = FE29173F403FC55E931D2CC4 /* Pods-PhotoViewer.release.xcconfig */;
			buildSettings = {
				ASSETCATALOG_COMPILER_APPICON_NAME = AppIcon;
				CODE_SIGN_STYLE = Automatic;
				DEVELOPMENT_TEAM = KXWH4SC5H2;
				INFOPLIST_FILE = PhotoViewer/Info.plist;
				IPHONEOS_DEPLOYMENT_TARGET = 11.3;
				LD_RUNPATH_SEARCH_PATHS = (
					"$(inherited)",
					"@executable_path/Frameworks",
				);
				PRODUCT_BUNDLE_IDENTIFIER = vitormesquita.PhotoViewer;
				PRODUCT_NAME = "$(TARGET_NAME)";
				SWIFT_VERSION = 4.2;
				TARGETED_DEVICE_FAMILY = "1,2";
			};
			name = Release;
		};
/* End XCBuildConfiguration section */

/* Begin XCConfigurationList section */
		FC951A3421B0301D00ABF0E1 /* Build configuration list for PBXProject "PhotoViewer" */ = {
			isa = XCConfigurationList;
			buildConfigurations = (
				FC951A4921B0301E00ABF0E1 /* Debug */,
				FC951A4A21B0301E00ABF0E1 /* Release */,
			);
			defaultConfigurationIsVisible = 0;
			defaultConfigurationName = Release;
		};
		FC951A4B21B0301E00ABF0E1 /* Build configuration list for PBXNativeTarget "PhotoViewer" */ = {
			isa = XCConfigurationList;
			buildConfigurations = (
				FC951A4C21B0301E00ABF0E1 /* Debug */,
				FC951A4D21B0301E00ABF0E1 /* Release */,
			);
			defaultConfigurationIsVisible = 0;
			defaultConfigurationName = Release;
		};
/* End XCConfigurationList section */
	};
	rootObject = FC951A3121B0301D00ABF0E1 /* Project object */;
}
