// !$*UTF8*$!
{
	archiveVersion = 1;
	classes = {
	};
	objectVersion = 50;
	objects = {

/* Begin PBXBuildFile section */
		FC951A3D21B0301D00ABF0E1 /* AppDelegate.swift in Sources */ = {isa = PBXBuildFile; fileRef = FC951A3C21B0301D00ABF0E1 /* AppDelegate.swift */; };
		FC951A4421B0301E00ABF0E1 /* Assets.xcassets in Resources */ = {isa = PBXBuildFile; fileRef = FC951A4321B0301E00ABF0E1 /* Assets.xcassets */; };
		FC951A4721B0301E00ABF0E1 /* LaunchScreen.storyboard in Resources */ = {isa = PBXBuildFile; fileRef = FC951A4521B0301E00ABF0E1 /* LaunchScreen.storyboard */; };
		FC951A5321B0352300ABF0E1 /* PhotoListWireFrame.swift in Sources */ = {isa = PBXBuildFile; fileRef = FC951A5221B0352300ABF0E1 /* PhotoListWireFrame.swift */; };
		FC951A5621B0353F00ABF0E1 /* BaseWireFrame.swift in Sources */ = {isa = PBXBuildFile; fileRef = FC951A5521B0353F00ABF0E1 /* BaseWireFrame.swift */; };
		FC951A5821B0354D00ABF0E1 /* BaseViewController.swift in Sources */ = {isa = PBXBuildFile; fileRef = FC951A5721B0354D00ABF0E1 /* BaseViewController.swift */; };
		FC951A5A21B0355B00ABF0E1 /* BasePresenter.swift in Sources */ = {isa = PBXBuildFile; fileRef = FC951A5921B0355B00ABF0E1 /* BasePresenter.swift */; };
/* End PBXBuildFile section */

/* Begin PBXFileReference section */
		FC951A3921B0301D00ABF0E1 /* PhotoViewer.app */ = {isa = PBXFileReference; explicitFileType = wrapper.application; includeInIndex = 0; path = PhotoViewer.app; sourceTree = BUILT_PRODUCTS_DIR; };
		FC951A3C21B0301D00ABF0E1 /* AppDelegate.swift */ = {isa = PBXFileReference; lastKnownFileType = sourcecode.swift; path = AppDelegate.swift; sourceTree = "<group>"; };
		FC951A4321B0301E00ABF0E1 /* Assets.xcassets */ = {isa = PBXFileReference; lastKnownFileType = folder.assetcatalog; path = Assets.xcassets; sourceTree = "<group>"; };
		FC951A4621B0301E00ABF0E1 /* Base */ = {isa = PBXFileReference; lastKnownFileType = file.storyboard; name = Base; path = Base.lproj/LaunchScreen.storyboard; sourceTree = "<group>"; };
		FC951A4821B0301E00ABF0E1 /* Info.plist */ = {isa = PBXFileReference; lastKnownFileType = text.plist.xml; path = Info.plist; sourceTree = "<group>"; };
		FC951A5221B0352300ABF0E1 /* PhotoListWireFrame.swift */ = {isa = PBXFileReference; lastKnownFileType = sourcecode.swift; path = PhotoListWireFrame.swift; sourceTree = "<group>"; };
		FC951A5521B0353F00ABF0E1 /* BaseWireFrame.swift */ = {isa = PBXFileReference; lastKnownFileType = sourcecode.swift; path = BaseWireFrame.swift; sourceTree = "<group>"; };
		FC951A5721B0354D00ABF0E1 /* BaseViewController.swift */ = {isa = PBXFileReference; lastKnownFileType = sourcecode.swift; path = BaseViewController.swift; sourceTree = "<group>"; };
		FC951A5921B0355B00ABF0E1 /* BasePresenter.swift */ = {isa = PBXFileReference; lastKnownFileType = sourcecode.swift; path = BasePresenter.swift; sourceTree = "<group>"; };
/* End PBXFileReference section */

/* Begin PBXFrameworksBuildPhase section */
		FC951A3621B0301D00ABF0E1 /* Frameworks */ = {
			isa = PBXFrameworksBuildPhase;
			buildActionMask = 2147483647;
			files = (
			);
			runOnlyForDeploymentPostprocessing = 0;
		};
/* End PBXFrameworksBuildPhase section */

/* Begin PBXGroup section */
		FC951A3021B0301D00ABF0E1 = {
			isa = PBXGroup;
			children = (
				FC951A3B21B0301D00ABF0E1 /* PhotoViewer */,
				FC951A3A21B0301D00ABF0E1 /* Products */,
			);
			sourceTree = "<group>";
		};
		FC951A3A21B0301D00ABF0E1 /* Products */ = {
			isa = PBXGroup;
			children = (
				FC951A3921B0301D00ABF0E1 /* PhotoViewer.app */,
			);
			name = Products;
			sourceTree = "<group>";
		};
		FC951A3B21B0301D00ABF0E1 /* PhotoViewer */ = {
			isa = PBXGroup;
			children = (
				FC951A4E21B0324300ABF0E1 /* data */,
				FC951A4F21B0324800ABF0E1 /* domain */,
				FC951A5021B0324F00ABF0E1 /* presentation */,
				FC951A3C21B0301D00ABF0E1 /* AppDelegate.swift */,
				FC951A4321B0301E00ABF0E1 /* Assets.xcassets */,
				FC951A4521B0301E00ABF0E1 /* LaunchScreen.storyboard */,
				FC951A4821B0301E00ABF0E1 /* Info.plist */,
			);
			path = PhotoViewer;
			sourceTree = "<group>";
		};
		FC951A4E21B0324300ABF0E1 /* data */ = {
			isa = PBXGroup;
			children = (
			);
			path = data;
			sourceTree = "<group>";
		};
		FC951A4F21B0324800ABF0E1 /* domain */ = {
			isa = PBXGroup;
			children = (
			);
			path = domain;
			sourceTree = "<group>";
		};
		FC951A5021B0324F00ABF0E1 /* presentation */ = {
			isa = PBXGroup;
			children = (
				FC951A5421B0352C00ABF0E1 /* base */,
				FC951A5121B0350400ABF0E1 /* photoList */,
			);
			path = presentation;
			sourceTree = "<group>";
		};
		FC951A5121B0350400ABF0E1 /* photoList */ = {
			isa = PBXGroup;
			children = (
				FC951A5221B0352300ABF0E1 /* PhotoListWireFrame.swift */,
			);
			path = photoList;
			sourceTree = "<group>";
		};
		FC951A5421B0352C00ABF0E1 /* base */ = {
			isa = PBXGroup;
			children = (
				FC951A5921B0355B00ABF0E1 /* BasePresenter.swift */,
				FC951A5721B0354D00ABF0E1 /* BaseViewController.swift */,
				FC951A5521B0353F00ABF0E1 /* BaseWireFrame.swift */,
			);
			path = base;
			sourceTree = "<group>";
		};
/* End PBXGroup section */

/* Begin PBXNativeTarget section */
		FC951A3821B0301D00ABF0E1 /* PhotoViewer */ = {
			isa = PBXNativeTarget;
			buildConfigurationList = FC951A4B21B0301E00ABF0E1 /* Build configuration list for PBXNativeTarget "PhotoViewer" */;
			buildPhases = (
				FC951A3521B0301D00ABF0E1 /* Sources */,
				FC951A3621B0301D00ABF0E1 /* Frameworks */,
				FC951A3721B0301D00ABF0E1 /* Resources */,
			);
			buildRules = (
			);
			dependencies = (
			);
			name = PhotoViewer;
			productName = PhotoViewer;
			productReference = FC951A3921B0301D00ABF0E1 /* PhotoViewer.app */;
			productType = "com.apple.product-type.application";
		};
/* End PBXNativeTarget section */

/* Begin PBXProject section */
		FC951A3121B0301D00ABF0E1 /* Project object */ = {
			isa = PBXProject;
			attributes = {
				LastSwiftUpdateCheck = 1010;
				LastUpgradeCheck = 1010;
				ORGANIZATIONNAME = "Vitor Mesquita";
				TargetAttributes = {
					FC951A3821B0301D00ABF0E1 = {
						CreatedOnToolsVersion = 10.1;
					};
				};
			};
			buildConfigurationList = FC951A3421B0301D00ABF0E1 /* Build configuration list for PBXProject "PhotoViewer" */;
			compatibilityVersion = "Xcode 9.3";
			developmentRegion = en;
			hasScannedForEncodings = 0;
			knownRegions = (
				en,
				Base,
			);
			mainGroup = FC951A3021B0301D00ABF0E1;
			productRefGroup = FC951A3A21B0301D00ABF0E1 /* Products */;
			projectDirPath = "";
			projectRoot = "";
			targets = (
				FC951A3821B0301D00ABF0E1 /* PhotoViewer */,
			);
		};
/* End PBXProject section */

/* Begin PBXResourcesBuildPhase section */
		FC951A3721B0301D00ABF0E1 /* Resources */ = {
			isa = PBXResourcesBuildPhase;
			buildActionMask = 2147483647;
			files = (
				FC951A4721B0301E00ABF0E1 /* LaunchScreen.storyboard in Resources */,
				FC951A4421B0301E00ABF0E1 /* Assets.xcassets in Resources */,
			);
			runOnlyForDeploymentPostprocessing = 0;
		};
/* End PBXResourcesBuildPhase section */

/* Begin PBXSourcesBuildPhase section */
		FC951A3521B0301D00ABF0E1 /* Sources */ = {
			isa = PBXSourcesBuildPhase;
			buildActionMask = 2147483647;
			files = (
				FC951A5621B0353F00ABF0E1 /* BaseWireFrame.swift in Sources */,
				FC951A5A21B0355B00ABF0E1 /* BasePresenter.swift in Sources */,
				FC951A5821B0354D00ABF0E1 /* BaseViewController.swift in Sources */,
				FC951A3D21B0301D00ABF0E1 /* AppDelegate.swift in Sources */,
				FC951A5321B0352300ABF0E1 /* PhotoListWireFrame.swift in Sources */,
			);
			runOnlyForDeploymentPostprocessing = 0;
		};
/* End PBXSourcesBuildPhase section */

/* Begin PBXVariantGroup section */
		FC951A4521B0301E00ABF0E1 /* LaunchScreen.storyboard */ = {
			isa = PBXVariantGroup;
			children = (
				FC951A4621B0301E00ABF0E1 /* Base */,
			);
			name = LaunchScreen.storyboard;
			sourceTree = "<group>";
		};
/* End PBXVariantGroup section */

/* Begin XCBuildConfiguration section */
		FC951A4921B0301E00ABF0E1 /* Debug */ = {
			isa = XCBuildConfiguration;
			buildSettings = {
				ALWAYS_SEARCH_USER_PATHS = NO;
				CLANG_ANALYZER_NONNULL = YES;
				CLANG_ANALYZER_NUMBER_OBJECT_CONVERSION = YES_AGGRESSIVE;
				CLANG_CXX_LANGUAGE_STANDARD = "gnu++14";
				CLANG_CXX_LIBRARY = "libc++";
				CLANG_ENABLE_MODULES = YES;
				CLANG_ENABLE_OBJC_ARC = YES;
				CLANG_ENABLE_OBJC_WEAK = YES;
				CLANG_WARN_BLOCK_CAPTURE_AUTORELEASING = YES;
				CLANG_WARN_BOOL_CONVERSION = YES;
				CLANG_WARN_COMMA = YES;
				CLANG_WARN_CONSTANT_CONVERSION = YES;
				CLANG_WARN_DEPRECATED_OBJC_IMPLEMENTATIONS = YES;
				CLANG_WARN_DIRECT_OBJC_ISA_USAGE = YES_ERROR;
				CLANG_WARN_DOCUMENTATION_COMMENTS = YES;
				CLANG_WARN_EMPTY_BODY = YES;
				CLANG_WARN_ENUM_CONVERSION = YES;
				CLANG_WARN_INFINITE_RECURSION = YES;
				CLANG_WARN_INT_CONVERSION = YES;
				CLANG_WARN_NON_LITERAL_NULL_CONVERSION = YES;
				CLANG_WARN_OBJC_IMPLICIT_RETAIN_SELF = YES;
				CLANG_WARN_OBJC_LITERAL_CONVERSION = YES;
				CLANG_WARN_OBJC_ROOT_CLASS = YES_ERROR;
				CLANG_WARN_RANGE_LOOP_ANALYSIS = YES;
				CLANG_WARN_STRICT_PROTOTYPES = YES;
				CLANG_WARN_SUSPICIOUS_MOVE = YES;
				CLANG_WARN_UNGUARDED_AVAILABILITY = YES_AGGRESSIVE;
				CLANG_WARN_UNREACHABLE_CODE = YES;
				CLANG_WARN__DUPLICATE_METHOD_MATCH = YES;
				CODE_SIGN_IDENTITY = "iPhone Developer";
				COPY_PHASE_STRIP = NO;
				DEBUG_INFORMATION_FORMAT = dwarf;
				ENABLE_STRICT_OBJC_MSGSEND = YES;
				ENABLE_TESTABILITY = YES;
				GCC_C_LANGUAGE_STANDARD = gnu11;
				GCC_DYNAMIC_NO_PIC = NO;
				GCC_NO_COMMON_BLOCKS = YES;
				GCC_OPTIMIZATION_LEVEL = 0;
				GCC_PREPROCESSOR_DEFINITIONS = (
					"DEBUG=1",
					"$(inherited)",
				);
				GCC_WARN_64_TO_32_BIT_CONVERSION = YES;
				GCC_WARN_ABOUT_RETURN_TYPE = YES_ERROR;
				GCC_WARN_UNDECLARED_SELECTOR = YES;
				GCC_WARN_UNINITIALIZED_AUTOS = YES_AGGRESSIVE;
				GCC_WARN_UNUSED_FUNCTION = YES;
				GCC_WARN_UNUSED_VARIABLE = YES;
				IPHONEOS_DEPLOYMENT_TARGET = 12.1;
				MTL_ENABLE_DEBUG_INFO = INCLUDE_SOURCE;
				MTL_FAST_MATH = YES;
				ONLY_ACTIVE_ARCH = YES;
				SDKROOT = iphoneos;
				SWIFT_ACTIVE_COMPILATION_CONDITIONS = DEBUG;
				SWIFT_OPTIMIZATION_LEVEL = "-Onone";
			};
			name = Debug;
		};
		FC951A4A21B0301E00ABF0E1 /* Release */ = {
			isa = XCBuildConfiguration;
			buildSettings = {
				ALWAYS_SEARCH_USER_PATHS = NO;
				CLANG_ANALYZER_NONNULL = YES;
				CLANG_ANALYZER_NUMBER_OBJECT_CONVERSION = YES_AGGRESSIVE;
				CLANG_CXX_LANGUAGE_STANDARD = "gnu++14";
				CLANG_CXX_LIBRARY = "libc++";
				CLANG_ENABLE_MODULES = YES;
				CLANG_ENABLE_OBJC_ARC = YES;
				CLANG_ENABLE_OBJC_WEAK = YES;
				CLANG_WARN_BLOCK_CAPTURE_AUTORELEASING = YES;
				CLANG_WARN_BOOL_CONVERSION = YES;
				CLANG_WARN_COMMA = YES;
				CLANG_WARN_CONSTANT_CONVERSION = YES;
				CLANG_WARN_DEPRECATED_OBJC_IMPLEMENTATIONS = YES;
				CLANG_WARN_DIRECT_OBJC_ISA_USAGE = YES_ERROR;
				CLANG_WARN_DOCUMENTATION_COMMENTS = YES;
				CLANG_WARN_EMPTY_BODY = YES;
				CLANG_WARN_ENUM_CONVERSION = YES;
				CLANG_WARN_INFINITE_RECURSION = YES;
				CLANG_WARN_INT_CONVERSION = YES;
				CLANG_WARN_NON_LITERAL_NULL_CONVERSION = YES;
				CLANG_WARN_OBJC_IMPLICIT_RETAIN_SELF = YES;
				CLANG_WARN_OBJC_LITERAL_CONVERSION = YES;
				CLANG_WARN_OBJC_ROOT_CLASS = YES_ERROR;
				CLANG_WARN_RANGE_LOOP_ANALYSIS = YES;
				CLANG_WARN_STRICT_PROTOTYPES = YES;
				CLANG_WARN_SUSPICIOUS_MOVE = YES;
				CLANG_WARN_UNGUARDED_AVAILABILITY = YES_AGGRESSIVE;
				CLANG_WARN_UNREACHABLE_CODE = YES;
				CLANG_WARN__DUPLICATE_METHOD_MATCH = YES;
				CODE_SIGN_IDENTITY = "iPhone Developer";
				COPY_PHASE_STRIP = NO;
				DEBUG_INFORMATION_FORMAT = "dwarf-with-dsym";
				ENABLE_NS_ASSERTIONS = NO;
				ENABLE_STRICT_OBJC_MSGSEND = YES;
				GCC_C_LANGUAGE_STANDARD = gnu11;
				GCC_NO_COMMON_BLOCKS = YES;
				GCC_WARN_64_TO_32_BIT_CONVERSION = YES;
				GCC_WARN_ABOUT_RETURN_TYPE = YES_ERROR;
				GCC_WARN_UNDECLARED_SELECTOR = YES;
				GCC_WARN_UNINITIALIZED_AUTOS = YES_AGGRESSIVE;
				GCC_WARN_UNUSED_FUNCTION = YES;
				GCC_WARN_UNUSED_VARIABLE = YES;
				IPHONEOS_DEPLOYMENT_TARGET = 12.1;
				MTL_ENABLE_DEBUG_INFO = NO;
				MTL_FAST_MATH = YES;
				SDKROOT = iphoneos;
				SWIFT_COMPILATION_MODE = wholemodule;
				SWIFT_OPTIMIZATION_LEVEL = "-O";
				VALIDATE_PRODUCT = YES;
			};
			name = Release;
		};
		FC951A4C21B0301E00ABF0E1 /* Debug */ = {
			isa = XCBuildConfiguration;
			buildSettings = {
				ASSETCATALOG_COMPILER_APPICON_NAME = AppIcon;
				CODE_SIGN_STYLE = Automatic;
				DEVELOPMENT_TEAM = KXWH4SC5H2;
				INFOPLIST_FILE = PhotoViewer/Info.plist;
				LD_RUNPATH_SEARCH_PATHS = (
					"$(inherited)",
					"@executable_path/Frameworks",
				);
				PRODUCT_BUNDLE_IDENTIFIER = vitormesquita.PhotoViewer;
				PRODUCT_NAME = "$(TARGET_NAME)";
				SWIFT_VERSION = 4.2;
				TARGETED_DEVICE_FAMILY = "1,2";
			};
			name = Debug;
		};
		FC951A4D21B0301E00ABF0E1 /* Release */ = {
			isa = XCBuildConfiguration;
			buildSettings = {
				ASSETCATALOG_COMPILER_APPICON_NAME = AppIcon;
				CODE_SIGN_STYLE = Automatic;
				DEVELOPMENT_TEAM = KXWH4SC5H2;
				INFOPLIST_FILE = PhotoViewer/Info.plist;
				LD_RUNPATH_SEARCH_PATHS = (
					"$(inherited)",
					"@executable_path/Frameworks",
				);
				PRODUCT_BUNDLE_IDENTIFIER = vitormesquita.PhotoViewer;
				PRODUCT_NAME = "$(TARGET_NAME)";
				SWIFT_VERSION = 4.2;
				TARGETED_DEVICE_FAMILY = "1,2";
			};
			name = Release;
		};
/* End XCBuildConfiguration section */

/* Begin XCConfigurationList section */
		FC951A3421B0301D00ABF0E1 /* Build configuration list for PBXProject "PhotoViewer" */ = {
			isa = XCConfigurationList;
			buildConfigurations = (
				FC951A4921B0301E00ABF0E1 /* Debug */,
				FC951A4A21B0301E00ABF0E1 /* Release */,
			);
			defaultConfigurationIsVisible = 0;
			defaultConfigurationName = Release;
		};
		FC951A4B21B0301E00ABF0E1 /* Build configuration list for PBXNativeTarget "PhotoViewer" */ = {
			isa = XCConfigurationList;
			buildConfigurations = (
				FC951A4C21B0301E00ABF0E1 /* Debug */,
				FC951A4D21B0301E00ABF0E1 /* Release */,
			);
			defaultConfigurationIsVisible = 0;
			defaultConfigurationName = Release;
		};
/* End XCConfigurationList section */
	};
	rootObject = FC951A3121B0301D00ABF0E1 /* Project object */;
}
